// !$*UTF8*$!
{
	archiveVersion = 1;
	classes = {
	};
	objectVersion = 56;
	objects = {

/* Begin PBXBuildFile section */
		409AA3282B43A0470096CDBB /* AppDelegate.swift in Sources */ = {isa = PBXBuildFile; fileRef = 409AA3272B43A0470096CDBB /* AppDelegate.swift */; };
		409AA32A2B43A0470096CDBB /* SceneDelegate.swift in Sources */ = {isa = PBXBuildFile; fileRef = 409AA3292B43A0470096CDBB /* SceneDelegate.swift */; };
		409AA3312B43A0480096CDBB /* Assets.xcassets in Resources */ = {isa = PBXBuildFile; fileRef = 409AA3302B43A0480096CDBB /* Assets.xcassets */; };
		409AA3342B43A0480096CDBB /* LaunchScreen.storyboard in Resources */ = {isa = PBXBuildFile; fileRef = 409AA3322B43A0480096CDBB /* LaunchScreen.storyboard */; };
		409AA33C2B43A6B20096CDBB /* MainTabBarController.swift in Sources */ = {isa = PBXBuildFile; fileRef = 409AA33B2B43A6B20096CDBB /* MainTabBarController.swift */; };
		409AA33E2B43E94B0096CDBB /* HomeViewController.swift in Sources */ = {isa = PBXBuildFile; fileRef = 409AA33D2B43E94B0096CDBB /* HomeViewController.swift */; };
		409AA3402B43E9640096CDBB /* CashViewController.swift in Sources */ = {isa = PBXBuildFile; fileRef = 409AA33F2B43E9640096CDBB /* CashViewController.swift */; };
		409AA3422B43E9760096CDBB /* TalkViewController.swift in Sources */ = {isa = PBXBuildFile; fileRef = 409AA3412B43E9760096CDBB /* TalkViewController.swift */; };
		409AA3442B43E98A0096CDBB /* MyPageViewController.swift in Sources */ = {isa = PBXBuildFile; fileRef = 409AA3432B43E98A0096CDBB /* MyPageViewController.swift */; };
		409AA3462B453F3B0096CDBB /* PayAddViewController.swift in Sources */ = {isa = PBXBuildFile; fileRef = 409AA3452B453F3B0096CDBB /* PayAddViewController.swift */; };
		409AA3482B467EFB0096CDBB /* PayAnalyzeViewController.swift in Sources */ = {isa = PBXBuildFile; fileRef = 409AA3472B467EFB0096CDBB /* PayAnalyzeViewController.swift */; };
		409AA34A2B46815E0096CDBB /* PayCheckViewController.swift in Sources */ = {isa = PBXBuildFile; fileRef = 409AA3492B46815E0096CDBB /* PayCheckViewController.swift */; };
		588A09262B4E5BE200638D16 /* WriteViewController.swift in Sources */ = {isa = PBXBuildFile; fileRef = 588A09252B4E5BE200638D16 /* WriteViewController.swift */; };
		588A09292B4E6ED400638D16 /* InfoViewController.swift in Sources */ = {isa = PBXBuildFile; fileRef = 588A09282B4E6ED400638D16 /* InfoViewController.swift */; };
		588A092D2B4FB9F200638D16 /* TableViewCellOne.swift in Sources */ = {isa = PBXBuildFile; fileRef = 588A092C2B4FB9F200638D16 /* TableViewCellOne.swift */; };
		588A09302B4FF9A900638D16 /* MyItem.swift in Sources */ = {isa = PBXBuildFile; fileRef = 588A092F2B4FF9A900638D16 /* MyItem.swift */; };
		588A09342B50EC5900638D16 /* PostViewController.swift in Sources */ = {isa = PBXBuildFile; fileRef = 588A09332B50EC5900638D16 /* PostViewController.swift */; };
		58A40D732B56AF190053E302 /* InfoWritingViewController.swift in Sources */ = {isa = PBXBuildFile; fileRef = 58A40D722B56AF190053E302 /* InfoWritingViewController.swift */; };
		58A40D772B57DD730053E302 /* EditViewController.swift in Sources */ = {isa = PBXBuildFile; fileRef = 58A40D762B57DD730053E302 /* EditViewController.swift */; };
		58A40D792B5805520053E302 /* UIColor + Extension.swift in Sources */ = {isa = PBXBuildFile; fileRef = 58A40D782B5805520053E302 /* UIColor + Extension.swift */; };
		8ECF68A20C6802496B2B5BE9 /* Pods_HomeEatPractice.framework in Frameworks */ = {isa = PBXBuildFile; fileRef = 827ED5B3B017327767649ADC /* Pods_HomeEatPractice.framework */; };
/* End PBXBuildFile section */

/* Begin PBXFileReference section */
		409AA3242B43A0470096CDBB /* HomeEatPractice.app */ = {isa = PBXFileReference; explicitFileType = wrapper.application; includeInIndex = 0; path = HomeEatPractice.app; sourceTree = BUILT_PRODUCTS_DIR; };
		409AA3272B43A0470096CDBB /* AppDelegate.swift */ = {isa = PBXFileReference; lastKnownFileType = sourcecode.swift; path = AppDelegate.swift; sourceTree = "<group>"; };
		409AA3292B43A0470096CDBB /* SceneDelegate.swift */ = {isa = PBXFileReference; lastKnownFileType = sourcecode.swift; path = SceneDelegate.swift; sourceTree = "<group>"; };
		409AA3302B43A0480096CDBB /* Assets.xcassets */ = {isa = PBXFileReference; lastKnownFileType = folder.assetcatalog; path = Assets.xcassets; sourceTree = "<group>"; };
		409AA3332B43A0480096CDBB /* Base */ = {isa = PBXFileReference; lastKnownFileType = file.storyboard; name = Base; path = Base.lproj/LaunchScreen.storyboard; sourceTree = "<group>"; };
		409AA3352B43A0480096CDBB /* Info.plist */ = {isa = PBXFileReference; lastKnownFileType = text.plist.xml; path = Info.plist; sourceTree = "<group>"; };
		409AA33B2B43A6B20096CDBB /* MainTabBarController.swift */ = {isa = PBXFileReference; lastKnownFileType = sourcecode.swift; path = MainTabBarController.swift; sourceTree = "<group>"; };
		409AA33D2B43E94B0096CDBB /* HomeViewController.swift */ = {isa = PBXFileReference; lastKnownFileType = sourcecode.swift; path = HomeViewController.swift; sourceTree = "<group>"; };
		409AA33F2B43E9640096CDBB /* CashViewController.swift */ = {isa = PBXFileReference; lastKnownFileType = sourcecode.swift; path = CashViewController.swift; sourceTree = "<group>"; };
		409AA3412B43E9760096CDBB /* TalkViewController.swift */ = {isa = PBXFileReference; lastKnownFileType = sourcecode.swift; path = TalkViewController.swift; sourceTree = "<group>"; };
		409AA3432B43E98A0096CDBB /* MyPageViewController.swift */ = {isa = PBXFileReference; lastKnownFileType = sourcecode.swift; path = MyPageViewController.swift; sourceTree = "<group>"; };
		409AA3452B453F3B0096CDBB /* PayAddViewController.swift */ = {isa = PBXFileReference; lastKnownFileType = sourcecode.swift; path = PayAddViewController.swift; sourceTree = "<group>"; };
		409AA3472B467EFB0096CDBB /* PayAnalyzeViewController.swift */ = {isa = PBXFileReference; lastKnownFileType = sourcecode.swift; path = PayAnalyzeViewController.swift; sourceTree = "<group>"; };
		409AA3492B46815E0096CDBB /* PayCheckViewController.swift */ = {isa = PBXFileReference; lastKnownFileType = sourcecode.swift; path = PayCheckViewController.swift; sourceTree = "<group>"; };
		588A09252B4E5BE200638D16 /* WriteViewController.swift */ = {isa = PBXFileReference; lastKnownFileType = sourcecode.swift; path = WriteViewController.swift; sourceTree = "<group>"; };
		588A09282B4E6ED400638D16 /* InfoViewController.swift */ = {isa = PBXFileReference; lastKnownFileType = sourcecode.swift; path = InfoViewController.swift; sourceTree = "<group>"; };
		588A092C2B4FB9F200638D16 /* TableViewCellOne.swift */ = {isa = PBXFileReference; lastKnownFileType = sourcecode.swift; path = TableViewCellOne.swift; sourceTree = "<group>"; };
		588A092F2B4FF9A900638D16 /* MyItem.swift */ = {isa = PBXFileReference; lastKnownFileType = sourcecode.swift; path = MyItem.swift; sourceTree = "<group>"; };
		588A09332B50EC5900638D16 /* PostViewController.swift */ = {isa = PBXFileReference; lastKnownFileType = sourcecode.swift; path = PostViewController.swift; sourceTree = "<group>"; };
		58A40D722B56AF190053E302 /* InfoWritingViewController.swift */ = {isa = PBXFileReference; lastKnownFileType = sourcecode.swift; path = InfoWritingViewController.swift; sourceTree = "<group>"; };
		58A40D762B57DD730053E302 /* EditViewController.swift */ = {isa = PBXFileReference; lastKnownFileType = sourcecode.swift; path = EditViewController.swift; sourceTree = "<group>"; };
		58A40D782B5805520053E302 /* UIColor + Extension.swift */ = {isa = PBXFileReference; lastKnownFileType = sourcecode.swift; path = "UIColor + Extension.swift"; sourceTree = "<group>"; };
		5CF3251AB730DFAD7043486D /* Pods-HomeEatPractice.debug.xcconfig */ = {isa = PBXFileReference; includeInIndex = 1; lastKnownFileType = text.xcconfig; name = "Pods-HomeEatPractice.debug.xcconfig"; path = "Target Support Files/Pods-HomeEatPractice/Pods-HomeEatPractice.debug.xcconfig"; sourceTree = "<group>"; };
		827ED5B3B017327767649ADC /* Pods_HomeEatPractice.framework */ = {isa = PBXFileReference; explicitFileType = wrapper.framework; includeInIndex = 0; path = Pods_HomeEatPractice.framework; sourceTree = BUILT_PRODUCTS_DIR; };
		BBD28DEFC31B1BB454FB5CB1 /* Pods-HomeEatPractice.release.xcconfig */ = {isa = PBXFileReference; includeInIndex = 1; lastKnownFileType = text.xcconfig; name = "Pods-HomeEatPractice.release.xcconfig"; path = "Target Support Files/Pods-HomeEatPractice/Pods-HomeEatPractice.release.xcconfig"; sourceTree = "<group>"; };
/* End PBXFileReference section */

/* Begin PBXFrameworksBuildPhase section */
		409AA3212B43A0470096CDBB /* Frameworks */ = {
			isa = PBXFrameworksBuildPhase;
			buildActionMask = 2147483647;
			files = (
				8ECF68A20C6802496B2B5BE9 /* Pods_HomeEatPractice.framework in Frameworks */,
			);
			runOnlyForDeploymentPostprocessing = 0;
		};
/* End PBXFrameworksBuildPhase section */

/* Begin PBXGroup section */
		409AA31B2B43A0470096CDBB = {
			isa = PBXGroup;
			children = (
				409AA3262B43A0470096CDBB /* HomeEatPractice */,
				409AA3252B43A0470096CDBB /* Products */,
				677FA46ECB419986B9424595 /* Pods */,
				83E663A510CF5E5DEAC7004B /* Frameworks */,
			);
			sourceTree = "<group>";
		};
		409AA3252B43A0470096CDBB /* Products */ = {
			isa = PBXGroup;
			children = (
				409AA3242B43A0470096CDBB /* HomeEatPractice.app */,
			);
			name = Products;
			sourceTree = "<group>";
		};
		409AA3262B43A0470096CDBB /* HomeEatPractice */ = {
			isa = PBXGroup;
			children = (
				588A09272B4E680400638D16 /* Controller */,
				409AA3272B43A0470096CDBB /* AppDelegate.swift */,
				409AA3292B43A0470096CDBB /* SceneDelegate.swift */,
				409AA3302B43A0480096CDBB /* Assets.xcassets */,
				409AA3322B43A0480096CDBB /* LaunchScreen.storyboard */,
				409AA3352B43A0480096CDBB /* Info.plist */,
				58A40D782B5805520053E302 /* UIColor + Extension.swift */,
			);
			path = HomeEatPractice;
			sourceTree = "<group>";
		};
		5875D9C92B5169D600F484DF /* MypageVC */ = {
			isa = PBXGroup;
			children = (
				409AA3432B43E98A0096CDBB /* MyPageViewController.swift */,
				58A40D762B57DD730053E302 /* EditViewController.swift */,
			);
			path = MypageVC;
			sourceTree = "<group>";
		};
		5875D9CA2B51773200F484DF /* HomeVC */ = {
			isa = PBXGroup;
			children = (
				409AA33D2B43E94B0096CDBB /* HomeViewController.swift */,
			);
			path = HomeVC;
			sourceTree = "<group>";
		};
		588A09272B4E680400638D16 /* Controller */ = {
			isa = PBXGroup;
			children = (
				5875D9CA2B51773200F484DF /* HomeVC */,
				5875D9C92B5169D600F484DF /* MypageVC */,
				588A092A2B4E987A00638D16 /* TalkVC */,
				409AA33F2B43E9640096CDBB /* CashViewController.swift */,
				409AA3472B467EFB0096CDBB /* PayAnalyzeViewController.swift */,
				409AA3492B46815E0096CDBB /* PayCheckViewController.swift */,
				409AA3452B453F3B0096CDBB /* PayAddViewController.swift */,
				409AA33B2B43A6B20096CDBB /* MainTabBarController.swift */,
			);
			path = Controller;
			sourceTree = "<group>";
		};
		588A092A2B4E987A00638D16 /* TalkVC */ = {
			isa = PBXGroup;
			children = (
				409AA3412B43E9760096CDBB /* TalkViewController.swift */,
				588A09312B50EB5800638D16 /* InfoVC */,
				588A09252B4E5BE200638D16 /* WriteViewController.swift */,
			);
			path = TalkVC;
			sourceTree = "<group>";
		};
		588A092B2B4FB9C600638D16 /* Cell */ = {
			isa = PBXGroup;
			children = (
				588A092C2B4FB9F200638D16 /* TableViewCellOne.swift */,
			);
			path = Cell;
			sourceTree = "<group>";
		};
		588A092E2B4FF99100638D16 /* Model */ = {
			isa = PBXGroup;
			children = (
				588A092F2B4FF9A900638D16 /* MyItem.swift */,
			);
			path = Model;
			sourceTree = "<group>";
		};
		588A09312B50EB5800638D16 /* InfoVC */ = {
			isa = PBXGroup;
			children = (
				588A09322B50EC0300638D16 /* Control */,
				588A092B2B4FB9C600638D16 /* Cell */,
				588A092E2B4FF99100638D16 /* Model */,
			);
			path = InfoVC;
			sourceTree = "<group>";
		};
		588A09322B50EC0300638D16 /* Control */ = {
			isa = PBXGroup;
			children = (
				588A09282B4E6ED400638D16 /* InfoViewController.swift */,
				588A09332B50EC5900638D16 /* PostViewController.swift */,
				58A40D722B56AF190053E302 /* InfoWritingViewController.swift */,
			);
			path = Control;
			sourceTree = "<group>";
		};
		677FA46ECB419986B9424595 /* Pods */ = {
			isa = PBXGroup;
			children = (
				5CF3251AB730DFAD7043486D /* Pods-HomeEatPractice.debug.xcconfig */,
				BBD28DEFC31B1BB454FB5CB1 /* Pods-HomeEatPractice.release.xcconfig */,
			);
			path = Pods;
			sourceTree = "<group>";
		};
		83E663A510CF5E5DEAC7004B /* Frameworks */ = {
			isa = PBXGroup;
			children = (
				827ED5B3B017327767649ADC /* Pods_HomeEatPractice.framework */,
			);
			name = Frameworks;
			sourceTree = "<group>";
		};
/* End PBXGroup section */

/* Begin PBXNativeTarget section */
		409AA3232B43A0470096CDBB /* HomeEatPractice */ = {
			isa = PBXNativeTarget;
			buildConfigurationList = 409AA3382B43A0480096CDBB /* Build configuration list for PBXNativeTarget "HomeEatPractice" */;
			buildPhases = (
				1767FBD91E47C36ECC43DDA1 /* [CP] Check Pods Manifest.lock */,
				409AA3202B43A0470096CDBB /* Sources */,
				409AA3212B43A0470096CDBB /* Frameworks */,
				409AA3222B43A0470096CDBB /* Resources */,
				BC1146A44A3E9CD5710E48AD /* [CP] Embed Pods Frameworks */,
			);
			buildRules = (
			);
			dependencies = (
			);
			name = HomeEatPractice;
			productName = HomeEatPractice;
			productReference = 409AA3242B43A0470096CDBB /* HomeEatPractice.app */;
			productType = "com.apple.product-type.application";
		};
/* End PBXNativeTarget section */

/* Begin PBXProject section */
		409AA31C2B43A0470096CDBB /* Project object */ = {
			isa = PBXProject;
			attributes = {
				BuildIndependentTargetsInParallel = 1;
				LastSwiftUpdateCheck = 1430;
				LastUpgradeCheck = 1430;
				TargetAttributes = {
					409AA3232B43A0470096CDBB = {
						CreatedOnToolsVersion = 14.3.1;
					};
				};
			};
			buildConfigurationList = 409AA31F2B43A0470096CDBB /* Build configuration list for PBXProject "HomeEatPractice" */;
			compatibilityVersion = "Xcode 14.0";
			developmentRegion = en;
			hasScannedForEncodings = 0;
			knownRegions = (
				en,
				Base,
			);
			mainGroup = 409AA31B2B43A0470096CDBB;
			productRefGroup = 409AA3252B43A0470096CDBB /* Products */;
			projectDirPath = "";
			projectRoot = "";
			targets = (
				409AA3232B43A0470096CDBB /* HomeEatPractice */,
			);
		};
/* End PBXProject section */

/* Begin PBXResourcesBuildPhase section */
		409AA3222B43A0470096CDBB /* Resources */ = {
			isa = PBXResourcesBuildPhase;
			buildActionMask = 2147483647;
			files = (
				409AA3342B43A0480096CDBB /* LaunchScreen.storyboard in Resources */,
				409AA3312B43A0480096CDBB /* Assets.xcassets in Resources */,
			);
			runOnlyForDeploymentPostprocessing = 0;
		};
/* End PBXResourcesBuildPhase section */

/* Begin PBXShellScriptBuildPhase section */
		1767FBD91E47C36ECC43DDA1 /* [CP] Check Pods Manifest.lock */ = {
			isa = PBXShellScriptBuildPhase;
			buildActionMask = 2147483647;
			files = (
			);
			inputFileListPaths = (
			);
			inputPaths = (
				"${PODS_PODFILE_DIR_PATH}/Podfile.lock",
				"${PODS_ROOT}/Manifest.lock",
			);
			name = "[CP] Check Pods Manifest.lock";
			outputFileListPaths = (
			);
			outputPaths = (
				"$(DERIVED_FILE_DIR)/Pods-HomeEatPractice-checkManifestLockResult.txt",
			);
			runOnlyForDeploymentPostprocessing = 0;
			shellPath = /bin/sh;
			shellScript = "diff \"${PODS_PODFILE_DIR_PATH}/Podfile.lock\" \"${PODS_ROOT}/Manifest.lock\" > /dev/null\nif [ $? != 0 ] ; then\n    # print error to STDERR\n    echo \"error: The sandbox is not in sync with the Podfile.lock. Run 'pod install' or update your CocoaPods installation.\" >&2\n    exit 1\nfi\n# This output is used by Xcode 'outputs' to avoid re-running this script phase.\necho \"SUCCESS\" > \"${SCRIPT_OUTPUT_FILE_0}\"\n";
			showEnvVarsInLog = 0;
		};
		BC1146A44A3E9CD5710E48AD /* [CP] Embed Pods Frameworks */ = {
			isa = PBXShellScriptBuildPhase;
			buildActionMask = 2147483647;
			files = (
			);
			inputFileListPaths = (
				"${PODS_ROOT}/Target Support Files/Pods-HomeEatPractice/Pods-HomeEatPractice-frameworks-${CONFIGURATION}-input-files.xcfilelist",
			);
			name = "[CP] Embed Pods Frameworks";
			outputFileListPaths = (
				"${PODS_ROOT}/Target Support Files/Pods-HomeEatPractice/Pods-HomeEatPractice-frameworks-${CONFIGURATION}-output-files.xcfilelist",
			);
			runOnlyForDeploymentPostprocessing = 0;
			shellPath = /bin/sh;
			shellScript = "\"${PODS_ROOT}/Target Support Files/Pods-HomeEatPractice/Pods-HomeEatPractice-frameworks.sh\"\n";
			showEnvVarsInLog = 0;
		};
/* End PBXShellScriptBuildPhase section */

/* Begin PBXSourcesBuildPhase section */
		409AA3202B43A0470096CDBB /* Sources */ = {
			isa = PBXSourcesBuildPhase;
			buildActionMask = 2147483647;
			files = (
				588A09302B4FF9A900638D16 /* MyItem.swift in Sources */,
				409AA3402B43E9640096CDBB /* CashViewController.swift in Sources */,
				588A09262B4E5BE200638D16 /* WriteViewController.swift in Sources */,
				409AA3282B43A0470096CDBB /* AppDelegate.swift in Sources */,
				409AA3482B467EFB0096CDBB /* PayAnalyzeViewController.swift in Sources */,
				409AA3422B43E9760096CDBB /* TalkViewController.swift in Sources */,
				409AA34A2B46815E0096CDBB /* PayCheckViewController.swift in Sources */,
				58A40D772B57DD730053E302 /* EditViewController.swift in Sources */,
				409AA33E2B43E94B0096CDBB /* HomeViewController.swift in Sources */,
				58A40D792B5805520053E302 /* UIColor + Extension.swift in Sources */,
				409AA33C2B43A6B20096CDBB /* MainTabBarController.swift in Sources */,
				58A40D732B56AF190053E302 /* InfoWritingViewController.swift in Sources */,
				588A09342B50EC5900638D16 /* PostViewController.swift in Sources */,
				409AA3462B453F3B0096CDBB /* PayAddViewController.swift in Sources */,
				409AA32A2B43A0470096CDBB /* SceneDelegate.swift in Sources */,
				588A092D2B4FB9F200638D16 /* TableViewCellOne.swift in Sources */,
				588A09292B4E6ED400638D16 /* InfoViewController.swift in Sources */,
				409AA3442B43E98A0096CDBB /* MyPageViewController.swift in Sources */,
			);
			runOnlyForDeploymentPostprocessing = 0;
		};
/* End PBXSourcesBuildPhase section */

/* Begin PBXVariantGroup section */
		409AA3322B43A0480096CDBB /* LaunchScreen.storyboard */ = {
			isa = PBXVariantGroup;
			children = (
				409AA3332B43A0480096CDBB /* Base */,
			);
			name = LaunchScreen.storyboard;
			sourceTree = "<group>";
		};
/* End PBXVariantGroup section */

/* Begin XCBuildConfiguration section */
		409AA3362B43A0480096CDBB /* Debug */ = {
			isa = XCBuildConfiguration;
			buildSettings = {
				ALWAYS_SEARCH_USER_PATHS = NO;
				CLANG_ANALYZER_NONNULL = YES;
				CLANG_ANALYZER_NUMBER_OBJECT_CONVERSION = YES_AGGRESSIVE;
				CLANG_CXX_LANGUAGE_STANDARD = "gnu++20";
				CLANG_ENABLE_MODULES = YES;
				CLANG_ENABLE_OBJC_ARC = YES;
				CLANG_ENABLE_OBJC_WEAK = YES;
				CLANG_WARN_BLOCK_CAPTURE_AUTORELEASING = YES;
				CLANG_WARN_BOOL_CONVERSION = YES;
				CLANG_WARN_COMMA = YES;
				CLANG_WARN_CONSTANT_CONVERSION = YES;
				CLANG_WARN_DEPRECATED_OBJC_IMPLEMENTATIONS = YES;
				CLANG_WARN_DIRECT_OBJC_ISA_USAGE = YES_ERROR;
				CLANG_WARN_DOCUMENTATION_COMMENTS = YES;
				CLANG_WARN_EMPTY_BODY = YES;
				CLANG_WARN_ENUM_CONVERSION = YES;
				CLANG_WARN_INFINITE_RECURSION = YES;
				CLANG_WARN_INT_CONVERSION = YES;
				CLANG_WARN_NON_LITERAL_NULL_CONVERSION = YES;
				CLANG_WARN_OBJC_IMPLICIT_RETAIN_SELF = YES;
				CLANG_WARN_OBJC_LITERAL_CONVERSION = YES;
				CLANG_WARN_OBJC_ROOT_CLASS = YES_ERROR;
				CLANG_WARN_QUOTED_INCLUDE_IN_FRAMEWORK_HEADER = YES;
				CLANG_WARN_RANGE_LOOP_ANALYSIS = YES;
				CLANG_WARN_STRICT_PROTOTYPES = YES;
				CLANG_WARN_SUSPICIOUS_MOVE = YES;
				CLANG_WARN_UNGUARDED_AVAILABILITY = YES_AGGRESSIVE;
				CLANG_WARN_UNREACHABLE_CODE = YES;
				CLANG_WARN__DUPLICATE_METHOD_MATCH = YES;
				COPY_PHASE_STRIP = NO;
				DEBUG_INFORMATION_FORMAT = dwarf;
				ENABLE_STRICT_OBJC_MSGSEND = YES;
				ENABLE_TESTABILITY = YES;
				GCC_C_LANGUAGE_STANDARD = gnu11;
				GCC_DYNAMIC_NO_PIC = NO;
				GCC_NO_COMMON_BLOCKS = YES;
				GCC_OPTIMIZATION_LEVEL = 0;
				GCC_PREPROCESSOR_DEFINITIONS = (
					"DEBUG=1",
					"$(inherited)",
				);
				GCC_WARN_64_TO_32_BIT_CONVERSION = YES;
				GCC_WARN_ABOUT_RETURN_TYPE = YES_ERROR;
				GCC_WARN_UNDECLARED_SELECTOR = YES;
				GCC_WARN_UNINITIALIZED_AUTOS = YES_AGGRESSIVE;
				GCC_WARN_UNUSED_FUNCTION = YES;
				GCC_WARN_UNUSED_VARIABLE = YES;
				IPHONEOS_DEPLOYMENT_TARGET = 16.4;
				MTL_ENABLE_DEBUG_INFO = INCLUDE_SOURCE;
				MTL_FAST_MATH = YES;
				ONLY_ACTIVE_ARCH = YES;
				SDKROOT = iphoneos;
				SWIFT_ACTIVE_COMPILATION_CONDITIONS = DEBUG;
				SWIFT_OPTIMIZATION_LEVEL = "-Onone";
			};
			name = Debug;
		};
		409AA3372B43A0480096CDBB /* Release */ = {
			isa = XCBuildConfiguration;
			buildSettings = {
				ALWAYS_SEARCH_USER_PATHS = NO;
				CLANG_ANALYZER_NONNULL = YES;
				CLANG_ANALYZER_NUMBER_OBJECT_CONVERSION = YES_AGGRESSIVE;
				CLANG_CXX_LANGUAGE_STANDARD = "gnu++20";
				CLANG_ENABLE_MODULES = YES;
				CLANG_ENABLE_OBJC_ARC = YES;
				CLANG_ENABLE_OBJC_WEAK = YES;
				CLANG_WARN_BLOCK_CAPTURE_AUTORELEASING = YES;
				CLANG_WARN_BOOL_CONVERSION = YES;
				CLANG_WARN_COMMA = YES;
				CLANG_WARN_CONSTANT_CONVERSION = YES;
				CLANG_WARN_DEPRECATED_OBJC_IMPLEMENTATIONS = YES;
				CLANG_WARN_DIRECT_OBJC_ISA_USAGE = YES_ERROR;
				CLANG_WARN_DOCUMENTATION_COMMENTS = YES;
				CLANG_WARN_EMPTY_BODY = YES;
				CLANG_WARN_ENUM_CONVERSION = YES;
				CLANG_WARN_INFINITE_RECURSION = YES;
				CLANG_WARN_INT_CONVERSION = YES;
				CLANG_WARN_NON_LITERAL_NULL_CONVERSION = YES;
				CLANG_WARN_OBJC_IMPLICIT_RETAIN_SELF = YES;
				CLANG_WARN_OBJC_LITERAL_CONVERSION = YES;
				CLANG_WARN_OBJC_ROOT_CLASS = YES_ERROR;
				CLANG_WARN_QUOTED_INCLUDE_IN_FRAMEWORK_HEADER = YES;
				CLANG_WARN_RANGE_LOOP_ANALYSIS = YES;
				CLANG_WARN_STRICT_PROTOTYPES = YES;
				CLANG_WARN_SUSPICIOUS_MOVE = YES;
				CLANG_WARN_UNGUARDED_AVAILABILITY = YES_AGGRESSIVE;
				CLANG_WARN_UNREACHABLE_CODE = YES;
				CLANG_WARN__DUPLICATE_METHOD_MATCH = YES;
				COPY_PHASE_STRIP = NO;
				DEBUG_INFORMATION_FORMAT = "dwarf-with-dsym";
				ENABLE_NS_ASSERTIONS = NO;
				ENABLE_STRICT_OBJC_MSGSEND = YES;
				GCC_C_LANGUAGE_STANDARD = gnu11;
				GCC_NO_COMMON_BLOCKS = YES;
				GCC_WARN_64_TO_32_BIT_CONVERSION = YES;
				GCC_WARN_ABOUT_RETURN_TYPE = YES_ERROR;
				GCC_WARN_UNDECLARED_SELECTOR = YES;
				GCC_WARN_UNINITIALIZED_AUTOS = YES_AGGRESSIVE;
				GCC_WARN_UNUSED_FUNCTION = YES;
				GCC_WARN_UNUSED_VARIABLE = YES;
				IPHONEOS_DEPLOYMENT_TARGET = 16.4;
				MTL_ENABLE_DEBUG_INFO = NO;
				MTL_FAST_MATH = YES;
				SDKROOT = iphoneos;
				SWIFT_COMPILATION_MODE = wholemodule;
				SWIFT_OPTIMIZATION_LEVEL = "-O";
				VALIDATE_PRODUCT = YES;
			};
			name = Release;
		};
		409AA3392B43A0480096CDBB /* Debug */ = {
			isa = XCBuildConfiguration;
			baseConfigurationReference = 5CF3251AB730DFAD7043486D /* Pods-HomeEatPractice.debug.xcconfig */;
			buildSettings = {
				ASSETCATALOG_COMPILER_APPICON_NAME = AppIcon;
				ASSETCATALOG_COMPILER_GLOBAL_ACCENT_COLOR_NAME = AccentColor;
				CODE_SIGN_STYLE = Automatic;
				CURRENT_PROJECT_VERSION = 1;
				DEVELOPMENT_TEAM = TSGF3YP7J3;
				GENERATE_INFOPLIST_FILE = YES;
				INFOPLIST_FILE = HomeEatPractice/Info.plist;
				INFOPLIST_KEY_UIApplicationSupportsIndirectInputEvents = YES;
				INFOPLIST_KEY_UILaunchStoryboardName = LaunchScreen;
				INFOPLIST_KEY_UIStatusBarStyle = "";
				INFOPLIST_KEY_UISupportedInterfaceOrientations_iPad = "UIInterfaceOrientationPortrait UIInterfaceOrientationPortraitUpsideDown UIInterfaceOrientationLandscapeLeft UIInterfaceOrientationLandscapeRight";
				INFOPLIST_KEY_UISupportedInterfaceOrientations_iPhone = "UIInterfaceOrientationPortrait UIInterfaceOrientationLandscapeLeft UIInterfaceOrientationLandscapeRight";
				LD_RUNPATH_SEARCH_PATHS = (
					"$(inherited)",
					"@executable_path/Frameworks",
				);
				MARKETING_VERSION = 1.0;
				PRODUCT_BUNDLE_IDENTIFIER = ST.HomeEatPractice;
				PRODUCT_NAME = "$(TARGET_NAME)";
				SWIFT_EMIT_LOC_STRINGS = YES;
				SWIFT_VERSION = 5.0;
				TARGETED_DEVICE_FAMILY = "1,2";
			};
			name = Debug;
		};
		409AA33A2B43A0480096CDBB /* Release */ = {
			isa = XCBuildConfiguration;
			baseConfigurationReference = BBD28DEFC31B1BB454FB5CB1 /* Pods-HomeEatPractice.release.xcconfig */;
			buildSettings = {
				ASSETCATALOG_COMPILER_APPICON_NAME = AppIcon;
				ASSETCATALOG_COMPILER_GLOBAL_ACCENT_COLOR_NAME = AccentColor;
				CODE_SIGN_STYLE = Automatic;
				CURRENT_PROJECT_VERSION = 1;
				DEVELOPMENT_TEAM = TSGF3YP7J3;
				GENERATE_INFOPLIST_FILE = YES;
				INFOPLIST_FILE = HomeEatPractice/Info.plist;
				INFOPLIST_KEY_UIApplicationSupportsIndirectInputEvents = YES;
				INFOPLIST_KEY_UILaunchStoryboardName = LaunchScreen;
				INFOPLIST_KEY_UIStatusBarStyle = "";
				INFOPLIST_KEY_UISupportedInterfaceOrientations_iPad = "UIInterfaceOrientationPortrait UIInterfaceOrientationPortraitUpsideDown UIInterfaceOrientationLandscapeLeft UIInterfaceOrientationLandscapeRight";
				INFOPLIST_KEY_UISupportedInterfaceOrientations_iPhone = "UIInterfaceOrientationPortrait UIInterfaceOrientationLandscapeLeft UIInterfaceOrientationLandscapeRight";
				LD_RUNPATH_SEARCH_PATHS = (
					"$(inherited)",
					"@executable_path/Frameworks",
				);
				MARKETING_VERSION = 1.0;
				PRODUCT_BUNDLE_IDENTIFIER = ST.HomeEatPractice;
				PRODUCT_NAME = "$(TARGET_NAME)";
				SWIFT_EMIT_LOC_STRINGS = YES;
				SWIFT_VERSION = 5.0;
				TARGETED_DEVICE_FAMILY = "1,2";
			};
			name = Release;
		};
/* End XCBuildConfiguration section */

/* Begin XCConfigurationList section */
		409AA31F2B43A0470096CDBB /* Build configuration list for PBXProject "HomeEatPractice" */ = {
			isa = XCConfigurationList;
			buildConfigurations = (
				409AA3362B43A0480096CDBB /* Debug */,
				409AA3372B43A0480096CDBB /* Release */,
			);
			defaultConfigurationIsVisible = 0;
			defaultConfigurationName = Release;
		};
		409AA3382B43A0480096CDBB /* Build configuration list for PBXNativeTarget "HomeEatPractice" */ = {
			isa = XCConfigurationList;
			buildConfigurations = (
				409AA3392B43A0480096CDBB /* Debug */,
				409AA33A2B43A0480096CDBB /* Release */,
			);
			defaultConfigurationIsVisible = 0;
			defaultConfigurationName = Release;
		};
/* End XCConfigurationList section */
	};
	rootObject = 409AA31C2B43A0470096CDBB /* Project object */;
}
