// !$*UTF8*$!
{
	archiveVersion = 1;
	classes = {
	};
	objectVersion = 56;
	objects = {

/* Begin PBXBuildFile section */
		2D8CFEB82B5A301000FDE2E5 /* HomeatIcon.pdf in Resources */ = {isa = PBXBuildFile; fileRef = 2D8CFEB52B5A301000FDE2E5 /* HomeatIcon.pdf */; };
		2D8CFEB92B5A301000FDE2E5 /* LaunchScreen.png in Resources */ = {isa = PBXBuildFile; fileRef = 2D8CFEB62B5A301000FDE2E5 /* LaunchScreen.png */; };
		2D8CFEBA2B5A301000FDE2E5 /* HomeatLogo.pdf in Resources */ = {isa = PBXBuildFile; fileRef = 2D8CFEB72B5A301000FDE2E5 /* HomeatLogo.pdf */; };
		2DED524D2B74D60400FC2D77 /* AddLocationInfromViewController.swift in Sources */ = {isa = PBXBuildFile; fileRef = 2DED52322B74D60400FC2D77 /* AddLocationInfromViewController.swift */; };
		2DED524E2B74D60400FC2D77 /* AddBirthInformViewController.swift in Sources */ = {isa = PBXBuildFile; fileRef = 2DED52332B74D60400FC2D77 /* AddBirthInformViewController.swift */; };
		2DED524F2B74D60400FC2D77 /* AddIncomeViewController.swift in Sources */ = {isa = PBXBuildFile; fileRef = 2DED52342B74D60400FC2D77 /* AddIncomeViewController.swift */; };
		2DED52502B74D60400FC2D77 /* AddAccountViewController.swift in Sources */ = {isa = PBXBuildFile; fileRef = 2DED52352B74D60400FC2D77 /* AddAccountViewController.swift */; };
		2DED52512B74D60400FC2D77 /* BankCertifyViewController.swift in Sources */ = {isa = PBXBuildFile; fileRef = 2DED52362B74D60400FC2D77 /* BankCertifyViewController.swift */; };
		2DED52522B74D60400FC2D77 /* MemberAPI.swift in Sources */ = {isa = PBXBuildFile; fileRef = 2DED52382B74D60400FC2D77 /* MemberAPI.swift */; };
		2DED52532B74D60500FC2D77 /* MemberData.swift in Sources */ = {isa = PBXBuildFile; fileRef = 2DED52392B74D60400FC2D77 /* MemberData.swift */; };
		2DED52542B74D60500FC2D77 /* SearchLocationViewController.swift in Sources */ = {isa = PBXBuildFile; fileRef = 2DED523A2B74D60400FC2D77 /* SearchLocationViewController.swift */; };
		2DED52552B74D60500FC2D77 /* AddSexViewController.swift in Sources */ = {isa = PBXBuildFile; fileRef = 2DED523B2B74D60400FC2D77 /* AddSexViewController.swift */; };
		2DED52562B74D60500FC2D77 /* FindPwViewController.swift in Sources */ = {isa = PBXBuildFile; fileRef = 2DED523C2B74D60400FC2D77 /* FindPwViewController.swift */; };
		2DED52572B74D60500FC2D77 /* RegisterSelectViewController.swift in Sources */ = {isa = PBXBuildFile; fileRef = 2DED523D2B74D60400FC2D77 /* RegisterSelectViewController.swift */; };
		2DED52582B74D60500FC2D77 /* RegisterDoneViewController.swift in Sources */ = {isa = PBXBuildFile; fileRef = 2DED523E2B74D60400FC2D77 /* RegisterDoneViewController.swift */; };
		2DED52592B74D60500FC2D77 /* TermsOfUseViewController.swift in Sources */ = {isa = PBXBuildFile; fileRef = 2DED52402B74D60400FC2D77 /* TermsOfUseViewController.swift */; };
		2DED525A2B74D60500FC2D77 /* MapViewController.swift in Sources */ = {isa = PBXBuildFile; fileRef = 2DED52422B74D60400FC2D77 /* MapViewController.swift */; };
		2DED525B2B74D60500FC2D77 /* MapView.swift in Sources */ = {isa = PBXBuildFile; fileRef = 2DED52442B74D60400FC2D77 /* MapView.swift */; };
		2DED525C2B74D60500FC2D77 /* MaptestViewController.swift in Sources */ = {isa = PBXBuildFile; fileRef = 2DED52452B74D60400FC2D77 /* MaptestViewController.swift */; };
		2DED525D2B74D60500FC2D77 /* PwChangedViewController.swift in Sources */ = {isa = PBXBuildFile; fileRef = 2DED52462B74D60400FC2D77 /* PwChangedViewController.swift */; };
		2DED525E2B74D60500FC2D77 /* AddBudgetViewController.swift in Sources */ = {isa = PBXBuildFile; fileRef = 2DED52472B74D60400FC2D77 /* AddBudgetViewController.swift */; };
		2DED525F2B74D60500FC2D77 /* CustomProgressViewController.swift in Sources */ = {isa = PBXBuildFile; fileRef = 2DED52482B74D60400FC2D77 /* CustomProgressViewController.swift */; };
		2DED52602B74D60500FC2D77 /* BankSelectViewController.swift in Sources */ = {isa = PBXBuildFile; fileRef = 2DED52492B74D60400FC2D77 /* BankSelectViewController.swift */; };
		2DED52612B74D60500FC2D77 /* LoginViewController.swift in Sources */ = {isa = PBXBuildFile; fileRef = 2DED524A2B74D60400FC2D77 /* LoginViewController.swift */; };
		2DED52622B74D60500FC2D77 /* SelectMangeUnitViewController.swift in Sources */ = {isa = PBXBuildFile; fileRef = 2DED524B2B74D60400FC2D77 /* SelectMangeUnitViewController.swift */; };
		2DED52632B74D60500FC2D77 /* RegisterViewController.swift in Sources */ = {isa = PBXBuildFile; fileRef = 2DED524C2B74D60400FC2D77 /* RegisterViewController.swift */; };
		4060C4192B74B2EA0012F06D /* RecipeViewController.swift in Sources */ = {isa = PBXBuildFile; fileRef = 4060C4182B74B2EA0012F06D /* RecipeViewController.swift */; };
		4060C4392B74D3C00012F06D /* AddLocationInfromViewController.swift in Sources */ = {isa = PBXBuildFile; fileRef = 4060C41E2B74D3C00012F06D /* AddLocationInfromViewController.swift */; };
		4060C43A2B74D3C00012F06D /* AddBirthInformViewController.swift in Sources */ = {isa = PBXBuildFile; fileRef = 4060C41F2B74D3C00012F06D /* AddBirthInformViewController.swift */; };
		4060C43B2B74D3C00012F06D /* AddIncomeViewController.swift in Sources */ = {isa = PBXBuildFile; fileRef = 4060C4202B74D3C00012F06D /* AddIncomeViewController.swift */; };
		4060C43C2B74D3C00012F06D /* AddAccountViewController.swift in Sources */ = {isa = PBXBuildFile; fileRef = 4060C4212B74D3C00012F06D /* AddAccountViewController.swift */; };
		4060C43D2B74D3C00012F06D /* BankCertifyViewController.swift in Sources */ = {isa = PBXBuildFile; fileRef = 4060C4222B74D3C00012F06D /* BankCertifyViewController.swift */; };
		4060C43E2B74D3C00012F06D /* MemberAPI.swift in Sources */ = {isa = PBXBuildFile; fileRef = 4060C4242B74D3C00012F06D /* MemberAPI.swift */; };
		4060C43F2B74D3C00012F06D /* MemberData.swift in Sources */ = {isa = PBXBuildFile; fileRef = 4060C4252B74D3C00012F06D /* MemberData.swift */; };
		4060C4402B74D3C00012F06D /* SearchLocationViewController.swift in Sources */ = {isa = PBXBuildFile; fileRef = 4060C4262B74D3C00012F06D /* SearchLocationViewController.swift */; };
		4060C4412B74D3C00012F06D /* AddSexViewController.swift in Sources */ = {isa = PBXBuildFile; fileRef = 4060C4272B74D3C00012F06D /* AddSexViewController.swift */; };
		4060C4422B74D3C00012F06D /* FindPwViewController.swift in Sources */ = {isa = PBXBuildFile; fileRef = 4060C4282B74D3C00012F06D /* FindPwViewController.swift */; };
		4060C4432B74D3C00012F06D /* RegisterSelectViewController.swift in Sources */ = {isa = PBXBuildFile; fileRef = 4060C4292B74D3C00012F06D /* RegisterSelectViewController.swift */; };
		4060C4442B74D3C00012F06D /* RegisterDoneViewController.swift in Sources */ = {isa = PBXBuildFile; fileRef = 4060C42A2B74D3C00012F06D /* RegisterDoneViewController.swift */; };
		4060C4452B74D3C00012F06D /* TermsOfUseViewController.swift in Sources */ = {isa = PBXBuildFile; fileRef = 4060C42C2B74D3C00012F06D /* TermsOfUseViewController.swift */; };
		4060C4462B74D3C00012F06D /* MapViewController.swift in Sources */ = {isa = PBXBuildFile; fileRef = 4060C42E2B74D3C00012F06D /* MapViewController.swift */; };
		4060C4472B74D3C00012F06D /* MapView.swift in Sources */ = {isa = PBXBuildFile; fileRef = 4060C4302B74D3C00012F06D /* MapView.swift */; };
		4060C4482B74D3C00012F06D /* MaptestViewController.swift in Sources */ = {isa = PBXBuildFile; fileRef = 4060C4312B74D3C00012F06D /* MaptestViewController.swift */; };
		4060C4492B74D3C00012F06D /* PwChangedViewController.swift in Sources */ = {isa = PBXBuildFile; fileRef = 4060C4322B74D3C00012F06D /* PwChangedViewController.swift */; };
		4060C44A2B74D3C00012F06D /* AddBudgetViewController.swift in Sources */ = {isa = PBXBuildFile; fileRef = 4060C4332B74D3C00012F06D /* AddBudgetViewController.swift */; };
		4060C44B2B74D3C00012F06D /* CustomProgressViewController.swift in Sources */ = {isa = PBXBuildFile; fileRef = 4060C4342B74D3C00012F06D /* CustomProgressViewController.swift */; };
		4060C44C2B74D3C00012F06D /* BankSelectViewController.swift in Sources */ = {isa = PBXBuildFile; fileRef = 4060C4352B74D3C00012F06D /* BankSelectViewController.swift */; };
		4060C44D2B74D3C00012F06D /* LoginViewController.swift in Sources */ = {isa = PBXBuildFile; fileRef = 4060C4362B74D3C00012F06D /* LoginViewController.swift */; };
		4060C44E2B74D3C00012F06D /* SelectMangeUnitViewController.swift in Sources */ = {isa = PBXBuildFile; fileRef = 4060C4372B74D3C00012F06D /* SelectMangeUnitViewController.swift */; };
		4060C44F2B74D3C00012F06D /* RegisterViewController.swift in Sources */ = {isa = PBXBuildFile; fileRef = 4060C4382B74D3C00012F06D /* RegisterViewController.swift */; };
		4060C4522B74D46F0012F06D /* MealPhotoCollectionViewCell.swift in Sources */ = {isa = PBXBuildFile; fileRef = 4060C4512B74D46F0012F06D /* MealPhotoCollectionViewCell.swift */; };
		40852A292B6F371300150395 /* FoodItemData.swift in Sources */ = {isa = PBXBuildFile; fileRef = 40852A282B6F371300150395 /* FoodItemData.swift */; };
		40852A2B2B6F374900150395 /* FoodGeneralAPI.swift in Sources */ = {isa = PBXBuildFile; fileRef = 40852A2A2B6F374900150395 /* FoodGeneralAPI.swift */; };
		409AA3282B43A0470096CDBB /* AppDelegate.swift in Sources */ = {isa = PBXBuildFile; fileRef = 409AA3272B43A0470096CDBB /* AppDelegate.swift */; };
		409AA3312B43A0480096CDBB /* Assets.xcassets in Resources */ = {isa = PBXBuildFile; fileRef = 409AA3302B43A0480096CDBB /* Assets.xcassets */; };
		409AA3342B43A0480096CDBB /* LaunchScreen.storyboard in Resources */ = {isa = PBXBuildFile; fileRef = 409AA3322B43A0480096CDBB /* LaunchScreen.storyboard */; };
		409AA33C2B43A6B20096CDBB /* MainTabBarController.swift in Sources */ = {isa = PBXBuildFile; fileRef = 409AA33B2B43A6B20096CDBB /* MainTabBarController.swift */; };
		409AA33E2B43E94B0096CDBB /* HomeViewController.swift in Sources */ = {isa = PBXBuildFile; fileRef = 409AA33D2B43E94B0096CDBB /* HomeViewController.swift */; };
		409AA3402B43E9640096CDBB /* CashViewController.swift in Sources */ = {isa = PBXBuildFile; fileRef = 409AA33F2B43E9640096CDBB /* CashViewController.swift */; };
		409AA3422B43E9760096CDBB /* TalkViewController.swift in Sources */ = {isa = PBXBuildFile; fileRef = 409AA3412B43E9760096CDBB /* TalkViewController.swift */; };
		409AA3442B43E98A0096CDBB /* MyPageViewController.swift in Sources */ = {isa = PBXBuildFile; fileRef = 409AA3432B43E98A0096CDBB /* MyPageViewController.swift */; };
		409AA3462B453F3B0096CDBB /* PayAddViewController.swift in Sources */ = {isa = PBXBuildFile; fileRef = 409AA3452B453F3B0096CDBB /* PayAddViewController.swift */; };
		409AA3482B467EFB0096CDBB /* PayAnalyzeViewController.swift in Sources */ = {isa = PBXBuildFile; fileRef = 409AA3472B467EFB0096CDBB /* PayAnalyzeViewController.swift */; };
		409AA34A2B46815E0096CDBB /* PayCheckViewController.swift in Sources */ = {isa = PBXBuildFile; fileRef = 409AA3492B46815E0096CDBB /* PayCheckViewController.swift */; };
		582A98A12B636EA0008F30CA /* cameraIcon.pdf in Resources */ = {isa = PBXBuildFile; fileRef = 582A98A02B636EA0008F30CA /* cameraIcon.pdf */; };
		582A98A52B636F2F008F30CA /* SceneDelegate.swift in Sources */ = {isa = PBXBuildFile; fileRef = 582A98A42B636F2F008F30CA /* SceneDelegate.swift */; };
		582A98C72B653C61008F30CA /* PasswordEditViewController.swift in Sources */ = {isa = PBXBuildFile; fileRef = 582A98C62B653C61008F30CA /* PasswordEditViewController.swift */; };
		582A98CA2B66325D008F30CA /* ItemData.swift in Sources */ = {isa = PBXBuildFile; fileRef = 582A98C92B66325D008F30CA /* ItemData.swift */; };
		582A98CC2B6632BB008F30CA /* GeneralAPI.swift in Sources */ = {isa = PBXBuildFile; fileRef = 582A98CB2B6632BB008F30CA /* GeneralAPI.swift */; };
		582A98CE2B678AD5008F30CA /* PhotoCollectionViewCell.swift in Sources */ = {isa = PBXBuildFile; fileRef = 582A98CD2B678AD5008F30CA /* PhotoCollectionViewCell.swift */; };
		582A98D02B68CCAE008F30CA /* TagCollectionViewCell.swift in Sources */ = {isa = PBXBuildFile; fileRef = 582A98CF2B68CCAE008F30CA /* TagCollectionViewCell.swift */; };
		582A98D22B6B7BB0008F30CA /* LeaveViewController.swift in Sources */ = {isa = PBXBuildFile; fileRef = 582A98D12B6B7BB0008F30CA /* LeaveViewController.swift */; };
		582A98D42B6B819E008F30CA /* AnalysisViewController.swift in Sources */ = {isa = PBXBuildFile; fileRef = 582A98D32B6B819E008F30CA /* AnalysisViewController.swift */; };
		582A993A2B6F89F5008F30CA /* TagPlusCollectionViewCell.swift in Sources */ = {isa = PBXBuildFile; fileRef = 582A99392B6F89F5008F30CA /* TagPlusCollectionViewCell.swift */; };
		582A993C2B6F8C70008F30CA /* TagItem.swift in Sources */ = {isa = PBXBuildFile; fileRef = 582A993B2B6F8C70008F30CA /* TagItem.swift */; };
		588A09262B4E5BE200638D16 /* WriteViewController.swift in Sources */ = {isa = PBXBuildFile; fileRef = 588A09252B4E5BE200638D16 /* WriteViewController.swift */; };
		588A09292B4E6ED400638D16 /* InfoViewController.swift in Sources */ = {isa = PBXBuildFile; fileRef = 588A09282B4E6ED400638D16 /* InfoViewController.swift */; };
		588A092D2B4FB9F200638D16 /* TableViewCellOne.swift in Sources */ = {isa = PBXBuildFile; fileRef = 588A092C2B4FB9F200638D16 /* TableViewCellOne.swift */; };
		588A09302B4FF9A900638D16 /* MyItem.swift in Sources */ = {isa = PBXBuildFile; fileRef = 588A092F2B4FF9A900638D16 /* MyItem.swift */; };
		588A09342B50EC5900638D16 /* PostViewController.swift in Sources */ = {isa = PBXBuildFile; fileRef = 588A09332B50EC5900638D16 /* PostViewController.swift */; };
		58A1E7872B7351BF00C45CEA /* EmailEditViewController.swift in Sources */ = {isa = PBXBuildFile; fileRef = 58A1E7862B7351BF00C45CEA /* EmailEditViewController.swift */; };
		58A1E78A2B7351ED00C45CEA /* MonthMoneyEditViewController.swift in Sources */ = {isa = PBXBuildFile; fileRef = 58A1E7892B7351ED00C45CEA /* MonthMoneyEditViewController.swift */; };
		58A1E78D2B735D5400C45CEA /* FinalLeaveViewController.swift in Sources */ = {isa = PBXBuildFile; fileRef = 58A1E78C2B735D5400C45CEA /* FinalLeaveViewController.swift */; };
		58A40D732B56AF190053E302 /* InfoWritingViewController.swift in Sources */ = {isa = PBXBuildFile; fileRef = 58A40D722B56AF190053E302 /* InfoWritingViewController.swift */; };
		58A40D772B57DD730053E302 /* EditViewController.swift in Sources */ = {isa = PBXBuildFile; fileRef = 58A40D762B57DD730053E302 /* EditViewController.swift */; };
		58A40D792B5805520053E302 /* UIColor + Extension.swift in Sources */ = {isa = PBXBuildFile; fileRef = 58A40D782B5805520053E302 /* UIColor + Extension.swift */; };
		58A40D7E2B5BEFAA0053E302 /* StatisticsViewController.swift in Sources */ = {isa = PBXBuildFile; fileRef = 58A40D7D2B5BEFAA0053E302 /* StatisticsViewController.swift */; };
		58A40D802B5BEFC40053E302 /* CalendarCheckViewController.swift in Sources */ = {isa = PBXBuildFile; fileRef = 58A40D7F2B5BEFC40053E302 /* CalendarCheckViewController.swift */; };
		58A40D822B5C00D30053E302 /* TagPlusViewController.swift in Sources */ = {isa = PBXBuildFile; fileRef = 58A40D812B5C00D30053E302 /* TagPlusViewController.swift */; };
		58A40D852B5C05330053E302 /* CashCheckViewController.swift in Sources */ = {isa = PBXBuildFile; fileRef = 58A40D842B5C05330053E302 /* CashCheckViewController.swift */; };
		58A40D8E2B5D01F70053E302 /* WeekCashViewController.swift in Sources */ = {isa = PBXBuildFile; fileRef = 58A40D8D2B5D01F70053E302 /* WeekCashViewController.swift */; };
		58A40D952B5FAC1B0053E302 /* MealViewCell.swift in Sources */ = {isa = PBXBuildFile; fileRef = 58A40D942B5FAC1B0053E302 /* MealViewCell.swift */; };
		58A40D972B5FAC490053E302 /* MealPostViewController.swift in Sources */ = {isa = PBXBuildFile; fileRef = 58A40D962B5FAC490053E302 /* MealPostViewController.swift */; };
		58A40D992B5FAC6A0053E302 /* MealWritingViewController.swift in Sources */ = {isa = PBXBuildFile; fileRef = 58A40D982B5FAC6A0053E302 /* MealWritingViewController.swift */; };
		58A40D9B2B5FACAF0053E302 /* MealSource.swift in Sources */ = {isa = PBXBuildFile; fileRef = 58A40D9A2B5FACAF0053E302 /* MealSource.swift */; };
		58A40D9E2B5FF1560053E302 /* TabbarInfo.swift in Sources */ = {isa = PBXBuildFile; fileRef = 58A40D9D2B5FF1560053E302 /* TabbarInfo.swift */; };
		58A40DA02B6120970053E302 /* DeclareViewController.swift in Sources */ = {isa = PBXBuildFile; fileRef = 58A40D9F2B6120970053E302 /* DeclareViewController.swift */; };
		58A40DA22B6120B70053E302 /* DeclareWriteViewController.swift in Sources */ = {isa = PBXBuildFile; fileRef = 58A40DA12B6120B70053E302 /* DeclareWriteViewController.swift */; };
		8ECF68A20C6802496B2B5BE9 /* Pods_HomeEatPractice.framework in Frameworks */ = {isa = PBXBuildFile; fileRef = 827ED5B3B017327767649ADC /* Pods_HomeEatPractice.framework */; };
/* End PBXBuildFile section */

/* Begin PBXFileReference section */
		2D8CFEB52B5A301000FDE2E5 /* HomeatIcon.pdf */ = {isa = PBXFileReference; lastKnownFileType = image.pdf; path = HomeatIcon.pdf; sourceTree = "<group>"; };
		2D8CFEB62B5A301000FDE2E5 /* LaunchScreen.png */ = {isa = PBXFileReference; lastKnownFileType = image.png; path = LaunchScreen.png; sourceTree = "<group>"; };
		2D8CFEB72B5A301000FDE2E5 /* HomeatLogo.pdf */ = {isa = PBXFileReference; lastKnownFileType = image.pdf; path = HomeatLogo.pdf; sourceTree = "<group>"; };
		2DED52322B74D60400FC2D77 /* AddLocationInfromViewController.swift */ = {isa = PBXFileReference; fileEncoding = 4; lastKnownFileType = sourcecode.swift; path = AddLocationInfromViewController.swift; sourceTree = "<group>"; };
		2DED52332B74D60400FC2D77 /* AddBirthInformViewController.swift */ = {isa = PBXFileReference; fileEncoding = 4; lastKnownFileType = sourcecode.swift; path = AddBirthInformViewController.swift; sourceTree = "<group>"; };
		2DED52342B74D60400FC2D77 /* AddIncomeViewController.swift */ = {isa = PBXFileReference; fileEncoding = 4; lastKnownFileType = sourcecode.swift; path = AddIncomeViewController.swift; sourceTree = "<group>"; };
		2DED52352B74D60400FC2D77 /* AddAccountViewController.swift */ = {isa = PBXFileReference; fileEncoding = 4; lastKnownFileType = sourcecode.swift; path = AddAccountViewController.swift; sourceTree = "<group>"; };
		2DED52362B74D60400FC2D77 /* BankCertifyViewController.swift */ = {isa = PBXFileReference; fileEncoding = 4; lastKnownFileType = sourcecode.swift; path = BankCertifyViewController.swift; sourceTree = "<group>"; };
		2DED52382B74D60400FC2D77 /* MemberAPI.swift */ = {isa = PBXFileReference; fileEncoding = 4; lastKnownFileType = sourcecode.swift; path = MemberAPI.swift; sourceTree = "<group>"; };
		2DED52392B74D60400FC2D77 /* MemberData.swift */ = {isa = PBXFileReference; fileEncoding = 4; lastKnownFileType = sourcecode.swift; path = MemberData.swift; sourceTree = "<group>"; };
		2DED523A2B74D60400FC2D77 /* SearchLocationViewController.swift */ = {isa = PBXFileReference; fileEncoding = 4; lastKnownFileType = sourcecode.swift; path = SearchLocationViewController.swift; sourceTree = "<group>"; };
		2DED523B2B74D60400FC2D77 /* AddSexViewController.swift */ = {isa = PBXFileReference; fileEncoding = 4; lastKnownFileType = sourcecode.swift; path = AddSexViewController.swift; sourceTree = "<group>"; };
		2DED523C2B74D60400FC2D77 /* FindPwViewController.swift */ = {isa = PBXFileReference; fileEncoding = 4; lastKnownFileType = sourcecode.swift; path = FindPwViewController.swift; sourceTree = "<group>"; };
		2DED523D2B74D60400FC2D77 /* RegisterSelectViewController.swift */ = {isa = PBXFileReference; fileEncoding = 4; lastKnownFileType = sourcecode.swift; path = RegisterSelectViewController.swift; sourceTree = "<group>"; };
		2DED523E2B74D60400FC2D77 /* RegisterDoneViewController.swift */ = {isa = PBXFileReference; fileEncoding = 4; lastKnownFileType = sourcecode.swift; path = RegisterDoneViewController.swift; sourceTree = "<group>"; };
		2DED52402B74D60400FC2D77 /* TermsOfUseViewController.swift */ = {isa = PBXFileReference; fileEncoding = 4; lastKnownFileType = sourcecode.swift; path = TermsOfUseViewController.swift; sourceTree = "<group>"; };
		2DED52422B74D60400FC2D77 /* MapViewController.swift */ = {isa = PBXFileReference; fileEncoding = 4; lastKnownFileType = sourcecode.swift; path = MapViewController.swift; sourceTree = "<group>"; };
		2DED52442B74D60400FC2D77 /* MapView.swift */ = {isa = PBXFileReference; fileEncoding = 4; lastKnownFileType = sourcecode.swift; path = MapView.swift; sourceTree = "<group>"; };
		2DED52452B74D60400FC2D77 /* MaptestViewController.swift */ = {isa = PBXFileReference; fileEncoding = 4; lastKnownFileType = sourcecode.swift; path = MaptestViewController.swift; sourceTree = "<group>"; };
		2DED52462B74D60400FC2D77 /* PwChangedViewController.swift */ = {isa = PBXFileReference; fileEncoding = 4; lastKnownFileType = sourcecode.swift; path = PwChangedViewController.swift; sourceTree = "<group>"; };
		2DED52472B74D60400FC2D77 /* AddBudgetViewController.swift */ = {isa = PBXFileReference; fileEncoding = 4; lastKnownFileType = sourcecode.swift; path = AddBudgetViewController.swift; sourceTree = "<group>"; };
		2DED52482B74D60400FC2D77 /* CustomProgressViewController.swift */ = {isa = PBXFileReference; fileEncoding = 4; lastKnownFileType = sourcecode.swift; path = CustomProgressViewController.swift; sourceTree = "<group>"; };
		2DED52492B74D60400FC2D77 /* BankSelectViewController.swift */ = {isa = PBXFileReference; fileEncoding = 4; lastKnownFileType = sourcecode.swift; path = BankSelectViewController.swift; sourceTree = "<group>"; };
		2DED524A2B74D60400FC2D77 /* LoginViewController.swift */ = {isa = PBXFileReference; fileEncoding = 4; lastKnownFileType = sourcecode.swift; path = LoginViewController.swift; sourceTree = "<group>"; };
		2DED524B2B74D60400FC2D77 /* SelectMangeUnitViewController.swift */ = {isa = PBXFileReference; fileEncoding = 4; lastKnownFileType = sourcecode.swift; path = SelectMangeUnitViewController.swift; sourceTree = "<group>"; };
		2DED524C2B74D60400FC2D77 /* RegisterViewController.swift */ = {isa = PBXFileReference; fileEncoding = 4; lastKnownFileType = sourcecode.swift; path = RegisterViewController.swift; sourceTree = "<group>"; };
		4060C4182B74B2EA0012F06D /* RecipeViewController.swift */ = {isa = PBXFileReference; lastKnownFileType = sourcecode.swift; path = RecipeViewController.swift; sourceTree = "<group>"; };
		4060C41E2B74D3C00012F06D /* AddLocationInfromViewController.swift */ = {isa = PBXFileReference; fileEncoding = 4; lastKnownFileType = sourcecode.swift; path = AddLocationInfromViewController.swift; sourceTree = "<group>"; };
		4060C41F2B74D3C00012F06D /* AddBirthInformViewController.swift */ = {isa = PBXFileReference; fileEncoding = 4; lastKnownFileType = sourcecode.swift; path = AddBirthInformViewController.swift; sourceTree = "<group>"; };
		4060C4202B74D3C00012F06D /* AddIncomeViewController.swift */ = {isa = PBXFileReference; fileEncoding = 4; lastKnownFileType = sourcecode.swift; path = AddIncomeViewController.swift; sourceTree = "<group>"; };
		4060C4212B74D3C00012F06D /* AddAccountViewController.swift */ = {isa = PBXFileReference; fileEncoding = 4; lastKnownFileType = sourcecode.swift; path = AddAccountViewController.swift; sourceTree = "<group>"; };
		4060C4222B74D3C00012F06D /* BankCertifyViewController.swift */ = {isa = PBXFileReference; fileEncoding = 4; lastKnownFileType = sourcecode.swift; path = BankCertifyViewController.swift; sourceTree = "<group>"; };
		4060C4242B74D3C00012F06D /* MemberAPI.swift */ = {isa = PBXFileReference; fileEncoding = 4; lastKnownFileType = sourcecode.swift; path = MemberAPI.swift; sourceTree = "<group>"; };
		4060C4252B74D3C00012F06D /* MemberData.swift */ = {isa = PBXFileReference; fileEncoding = 4; lastKnownFileType = sourcecode.swift; path = MemberData.swift; sourceTree = "<group>"; };
		4060C4262B74D3C00012F06D /* SearchLocationViewController.swift */ = {isa = PBXFileReference; fileEncoding = 4; lastKnownFileType = sourcecode.swift; path = SearchLocationViewController.swift; sourceTree = "<group>"; };
		4060C4272B74D3C00012F06D /* AddSexViewController.swift */ = {isa = PBXFileReference; fileEncoding = 4; lastKnownFileType = sourcecode.swift; path = AddSexViewController.swift; sourceTree = "<group>"; };
		4060C4282B74D3C00012F06D /* FindPwViewController.swift */ = {isa = PBXFileReference; fileEncoding = 4; lastKnownFileType = sourcecode.swift; path = FindPwViewController.swift; sourceTree = "<group>"; };
		4060C4292B74D3C00012F06D /* RegisterSelectViewController.swift */ = {isa = PBXFileReference; fileEncoding = 4; lastKnownFileType = sourcecode.swift; path = RegisterSelectViewController.swift; sourceTree = "<group>"; };
		4060C42A2B74D3C00012F06D /* RegisterDoneViewController.swift */ = {isa = PBXFileReference; fileEncoding = 4; lastKnownFileType = sourcecode.swift; path = RegisterDoneViewController.swift; sourceTree = "<group>"; };
		4060C42C2B74D3C00012F06D /* TermsOfUseViewController.swift */ = {isa = PBXFileReference; fileEncoding = 4; lastKnownFileType = sourcecode.swift; path = TermsOfUseViewController.swift; sourceTree = "<group>"; };
		4060C42E2B74D3C00012F06D /* MapViewController.swift */ = {isa = PBXFileReference; fileEncoding = 4; lastKnownFileType = sourcecode.swift; path = MapViewController.swift; sourceTree = "<group>"; };
		4060C4302B74D3C00012F06D /* MapView.swift */ = {isa = PBXFileReference; fileEncoding = 4; lastKnownFileType = sourcecode.swift; path = MapView.swift; sourceTree = "<group>"; };
		4060C4312B74D3C00012F06D /* MaptestViewController.swift */ = {isa = PBXFileReference; fileEncoding = 4; lastKnownFileType = sourcecode.swift; path = MaptestViewController.swift; sourceTree = "<group>"; };
		4060C4322B74D3C00012F06D /* PwChangedViewController.swift */ = {isa = PBXFileReference; fileEncoding = 4; lastKnownFileType = sourcecode.swift; path = PwChangedViewController.swift; sourceTree = "<group>"; };
		4060C4332B74D3C00012F06D /* AddBudgetViewController.swift */ = {isa = PBXFileReference; fileEncoding = 4; lastKnownFileType = sourcecode.swift; path = AddBudgetViewController.swift; sourceTree = "<group>"; };
		4060C4342B74D3C00012F06D /* CustomProgressViewController.swift */ = {isa = PBXFileReference; fileEncoding = 4; lastKnownFileType = sourcecode.swift; path = CustomProgressViewController.swift; sourceTree = "<group>"; };
		4060C4352B74D3C00012F06D /* BankSelectViewController.swift */ = {isa = PBXFileReference; fileEncoding = 4; lastKnownFileType = sourcecode.swift; path = BankSelectViewController.swift; sourceTree = "<group>"; };
		4060C4362B74D3C00012F06D /* LoginViewController.swift */ = {isa = PBXFileReference; fileEncoding = 4; lastKnownFileType = sourcecode.swift; path = LoginViewController.swift; sourceTree = "<group>"; };
		4060C4372B74D3C00012F06D /* SelectMangeUnitViewController.swift */ = {isa = PBXFileReference; fileEncoding = 4; lastKnownFileType = sourcecode.swift; path = SelectMangeUnitViewController.swift; sourceTree = "<group>"; };
		4060C4382B74D3C00012F06D /* RegisterViewController.swift */ = {isa = PBXFileReference; fileEncoding = 4; lastKnownFileType = sourcecode.swift; path = RegisterViewController.swift; sourceTree = "<group>"; };
		4060C4512B74D46F0012F06D /* MealPhotoCollectionViewCell.swift */ = {isa = PBXFileReference; lastKnownFileType = sourcecode.swift; path = MealPhotoCollectionViewCell.swift; sourceTree = "<group>"; };
		40852A282B6F371300150395 /* FoodItemData.swift */ = {isa = PBXFileReference; lastKnownFileType = sourcecode.swift; path = FoodItemData.swift; sourceTree = "<group>"; };
		40852A2A2B6F374900150395 /* FoodGeneralAPI.swift */ = {isa = PBXFileReference; lastKnownFileType = sourcecode.swift; path = FoodGeneralAPI.swift; sourceTree = "<group>"; };
		409AA3242B43A0470096CDBB /* HomeEatPractice.app */ = {isa = PBXFileReference; explicitFileType = wrapper.application; includeInIndex = 0; path = HomeEatPractice.app; sourceTree = BUILT_PRODUCTS_DIR; };
		409AA3272B43A0470096CDBB /* AppDelegate.swift */ = {isa = PBXFileReference; lastKnownFileType = sourcecode.swift; path = AppDelegate.swift; sourceTree = "<group>"; };
		409AA3302B43A0480096CDBB /* Assets.xcassets */ = {isa = PBXFileReference; lastKnownFileType = folder.assetcatalog; path = Assets.xcassets; sourceTree = "<group>"; };
		409AA3332B43A0480096CDBB /* Base */ = {isa = PBXFileReference; lastKnownFileType = file.storyboard; name = Base; path = Base.lproj/LaunchScreen.storyboard; sourceTree = "<group>"; };
		409AA3352B43A0480096CDBB /* Info.plist */ = {isa = PBXFileReference; lastKnownFileType = text.plist.xml; path = Info.plist; sourceTree = "<group>"; };
		409AA33B2B43A6B20096CDBB /* MainTabBarController.swift */ = {isa = PBXFileReference; lastKnownFileType = sourcecode.swift; path = MainTabBarController.swift; sourceTree = "<group>"; };
		409AA33D2B43E94B0096CDBB /* HomeViewController.swift */ = {isa = PBXFileReference; lastKnownFileType = sourcecode.swift; path = HomeViewController.swift; sourceTree = "<group>"; };
		409AA33F2B43E9640096CDBB /* CashViewController.swift */ = {isa = PBXFileReference; lastKnownFileType = sourcecode.swift; path = CashViewController.swift; sourceTree = "<group>"; };
		409AA3412B43E9760096CDBB /* TalkViewController.swift */ = {isa = PBXFileReference; lastKnownFileType = sourcecode.swift; path = TalkViewController.swift; sourceTree = "<group>"; };
		409AA3432B43E98A0096CDBB /* MyPageViewController.swift */ = {isa = PBXFileReference; lastKnownFileType = sourcecode.swift; path = MyPageViewController.swift; sourceTree = "<group>"; };
		409AA3452B453F3B0096CDBB /* PayAddViewController.swift */ = {isa = PBXFileReference; lastKnownFileType = sourcecode.swift; path = PayAddViewController.swift; sourceTree = "<group>"; };
		409AA3472B467EFB0096CDBB /* PayAnalyzeViewController.swift */ = {isa = PBXFileReference; lastKnownFileType = sourcecode.swift; path = PayAnalyzeViewController.swift; sourceTree = "<group>"; };
		409AA3492B46815E0096CDBB /* PayCheckViewController.swift */ = {isa = PBXFileReference; lastKnownFileType = sourcecode.swift; path = PayCheckViewController.swift; sourceTree = "<group>"; };
		582A98A02B636EA0008F30CA /* cameraIcon.pdf */ = {isa = PBXFileReference; lastKnownFileType = image.pdf; path = cameraIcon.pdf; sourceTree = "<group>"; };
		582A98A42B636F2F008F30CA /* SceneDelegate.swift */ = {isa = PBXFileReference; fileEncoding = 4; lastKnownFileType = sourcecode.swift; path = SceneDelegate.swift; sourceTree = "<group>"; };
		582A98C62B653C61008F30CA /* PasswordEditViewController.swift */ = {isa = PBXFileReference; lastKnownFileType = sourcecode.swift; path = PasswordEditViewController.swift; sourceTree = "<group>"; };
		582A98C92B66325D008F30CA /* ItemData.swift */ = {isa = PBXFileReference; lastKnownFileType = sourcecode.swift; path = ItemData.swift; sourceTree = "<group>"; };
		582A98CB2B6632BB008F30CA /* GeneralAPI.swift */ = {isa = PBXFileReference; lastKnownFileType = sourcecode.swift; path = GeneralAPI.swift; sourceTree = "<group>"; };
		582A98CD2B678AD5008F30CA /* PhotoCollectionViewCell.swift */ = {isa = PBXFileReference; lastKnownFileType = sourcecode.swift; path = PhotoCollectionViewCell.swift; sourceTree = "<group>"; };
		582A98CF2B68CCAE008F30CA /* TagCollectionViewCell.swift */ = {isa = PBXFileReference; lastKnownFileType = sourcecode.swift; path = TagCollectionViewCell.swift; sourceTree = "<group>"; };
		582A98D12B6B7BB0008F30CA /* LeaveViewController.swift */ = {isa = PBXFileReference; lastKnownFileType = sourcecode.swift; path = LeaveViewController.swift; sourceTree = "<group>"; };
		582A98D32B6B819E008F30CA /* AnalysisViewController.swift */ = {isa = PBXFileReference; lastKnownFileType = sourcecode.swift; path = AnalysisViewController.swift; sourceTree = "<group>"; };
		582A99392B6F89F5008F30CA /* TagPlusCollectionViewCell.swift */ = {isa = PBXFileReference; lastKnownFileType = sourcecode.swift; path = TagPlusCollectionViewCell.swift; sourceTree = "<group>"; };
		582A993B2B6F8C70008F30CA /* TagItem.swift */ = {isa = PBXFileReference; lastKnownFileType = sourcecode.swift; path = TagItem.swift; sourceTree = "<group>"; };
		588A09252B4E5BE200638D16 /* WriteViewController.swift */ = {isa = PBXFileReference; lastKnownFileType = sourcecode.swift; path = WriteViewController.swift; sourceTree = "<group>"; };
		588A09282B4E6ED400638D16 /* InfoViewController.swift */ = {isa = PBXFileReference; lastKnownFileType = sourcecode.swift; path = InfoViewController.swift; sourceTree = "<group>"; };
		588A092C2B4FB9F200638D16 /* TableViewCellOne.swift */ = {isa = PBXFileReference; lastKnownFileType = sourcecode.swift; path = TableViewCellOne.swift; sourceTree = "<group>"; };
		588A092F2B4FF9A900638D16 /* MyItem.swift */ = {isa = PBXFileReference; lastKnownFileType = sourcecode.swift; path = MyItem.swift; sourceTree = "<group>"; };
		588A09332B50EC5900638D16 /* PostViewController.swift */ = {isa = PBXFileReference; lastKnownFileType = sourcecode.swift; path = PostViewController.swift; sourceTree = "<group>"; };
		58A1E7862B7351BF00C45CEA /* EmailEditViewController.swift */ = {isa = PBXFileReference; lastKnownFileType = sourcecode.swift; path = EmailEditViewController.swift; sourceTree = "<group>"; };
		58A1E7892B7351ED00C45CEA /* MonthMoneyEditViewController.swift */ = {isa = PBXFileReference; lastKnownFileType = sourcecode.swift; path = MonthMoneyEditViewController.swift; sourceTree = "<group>"; };
		58A1E78C2B735D5400C45CEA /* FinalLeaveViewController.swift */ = {isa = PBXFileReference; lastKnownFileType = sourcecode.swift; path = FinalLeaveViewController.swift; sourceTree = "<group>"; };
		58A40D722B56AF190053E302 /* InfoWritingViewController.swift */ = {isa = PBXFileReference; lastKnownFileType = sourcecode.swift; path = InfoWritingViewController.swift; sourceTree = "<group>"; };
		58A40D762B57DD730053E302 /* EditViewController.swift */ = {isa = PBXFileReference; lastKnownFileType = sourcecode.swift; path = EditViewController.swift; sourceTree = "<group>"; };
		58A40D782B5805520053E302 /* UIColor + Extension.swift */ = {isa = PBXFileReference; lastKnownFileType = sourcecode.swift; path = "UIColor + Extension.swift"; sourceTree = "<group>"; };
		58A40D7D2B5BEFAA0053E302 /* StatisticsViewController.swift */ = {isa = PBXFileReference; lastKnownFileType = sourcecode.swift; path = StatisticsViewController.swift; sourceTree = "<group>"; };
		58A40D7F2B5BEFC40053E302 /* CalendarCheckViewController.swift */ = {isa = PBXFileReference; lastKnownFileType = sourcecode.swift; path = CalendarCheckViewController.swift; sourceTree = "<group>"; };
		58A40D812B5C00D30053E302 /* TagPlusViewController.swift */ = {isa = PBXFileReference; lastKnownFileType = sourcecode.swift; path = TagPlusViewController.swift; sourceTree = "<group>"; };
		58A40D842B5C05330053E302 /* CashCheckViewController.swift */ = {isa = PBXFileReference; lastKnownFileType = sourcecode.swift; path = CashCheckViewController.swift; sourceTree = "<group>"; };
		58A40D8D2B5D01F70053E302 /* WeekCashViewController.swift */ = {isa = PBXFileReference; lastKnownFileType = sourcecode.swift; path = WeekCashViewController.swift; sourceTree = "<group>"; };
		58A40D942B5FAC1B0053E302 /* MealViewCell.swift */ = {isa = PBXFileReference; lastKnownFileType = sourcecode.swift; path = MealViewCell.swift; sourceTree = "<group>"; };
		58A40D962B5FAC490053E302 /* MealPostViewController.swift */ = {isa = PBXFileReference; lastKnownFileType = sourcecode.swift; path = MealPostViewController.swift; sourceTree = "<group>"; };
		58A40D982B5FAC6A0053E302 /* MealWritingViewController.swift */ = {isa = PBXFileReference; lastKnownFileType = sourcecode.swift; path = MealWritingViewController.swift; sourceTree = "<group>"; };
		58A40D9A2B5FACAF0053E302 /* MealSource.swift */ = {isa = PBXFileReference; lastKnownFileType = sourcecode.swift; path = MealSource.swift; sourceTree = "<group>"; };
		58A40D9D2B5FF1560053E302 /* TabbarInfo.swift */ = {isa = PBXFileReference; lastKnownFileType = sourcecode.swift; path = TabbarInfo.swift; sourceTree = "<group>"; };
		58A40D9F2B6120970053E302 /* DeclareViewController.swift */ = {isa = PBXFileReference; lastKnownFileType = sourcecode.swift; path = DeclareViewController.swift; sourceTree = "<group>"; };
		58A40DA12B6120B70053E302 /* DeclareWriteViewController.swift */ = {isa = PBXFileReference; lastKnownFileType = sourcecode.swift; path = DeclareWriteViewController.swift; sourceTree = "<group>"; };
		5CF3251AB730DFAD7043486D /* Pods-HomeEatPractice.debug.xcconfig */ = {isa = PBXFileReference; includeInIndex = 1; lastKnownFileType = text.xcconfig; name = "Pods-HomeEatPractice.debug.xcconfig"; path = "Target Support Files/Pods-HomeEatPractice/Pods-HomeEatPractice.debug.xcconfig"; sourceTree = "<group>"; };
		827ED5B3B017327767649ADC /* Pods_HomeEatPractice.framework */ = {isa = PBXFileReference; explicitFileType = wrapper.framework; includeInIndex = 0; path = Pods_HomeEatPractice.framework; sourceTree = BUILT_PRODUCTS_DIR; };
		BBD28DEFC31B1BB454FB5CB1 /* Pods-HomeEatPractice.release.xcconfig */ = {isa = PBXFileReference; includeInIndex = 1; lastKnownFileType = text.xcconfig; name = "Pods-HomeEatPractice.release.xcconfig"; path = "Target Support Files/Pods-HomeEatPractice/Pods-HomeEatPractice.release.xcconfig"; sourceTree = "<group>"; };
/* End PBXFileReference section */

/* Begin PBXFrameworksBuildPhase section */
		409AA3212B43A0470096CDBB /* Frameworks */ = {
			isa = PBXFrameworksBuildPhase;
			buildActionMask = 2147483647;
			files = (
				8ECF68A20C6802496B2B5BE9 /* Pods_HomeEatPractice.framework in Frameworks */,
			);
			runOnlyForDeploymentPostprocessing = 0;
		};
/* End PBXFrameworksBuildPhase section */

/* Begin PBXGroup section */
		2D8CFEB42B5A301000FDE2E5 /* LaunchScreenImage */ = {
			isa = PBXGroup;
			children = (
				582A98A02B636EA0008F30CA /* cameraIcon.pdf */,
				2D8CFEB52B5A301000FDE2E5 /* HomeatIcon.pdf */,
				2D8CFEB62B5A301000FDE2E5 /* LaunchScreen.png */,
				2D8CFEB72B5A301000FDE2E5 /* HomeatLogo.pdf */,
			);
			path = LaunchScreenImage;
			sourceTree = "<group>";
		};
		2DED52312B74D60400FC2D77 /* RegisterVC */ = {
			isa = PBXGroup;
			children = (
				2DED52322B74D60400FC2D77 /* AddLocationInfromViewController.swift */,
				2DED52332B74D60400FC2D77 /* AddBirthInformViewController.swift */,
				2DED52342B74D60400FC2D77 /* AddIncomeViewController.swift */,
				2DED52352B74D60400FC2D77 /* AddAccountViewController.swift */,
				2DED52362B74D60400FC2D77 /* BankCertifyViewController.swift */,
				2DED52372B74D60400FC2D77 /* Network */,
				2DED523A2B74D60400FC2D77 /* SearchLocationViewController.swift */,
				2DED523B2B74D60400FC2D77 /* AddSexViewController.swift */,
				2DED523C2B74D60400FC2D77 /* FindPwViewController.swift */,
				2DED523D2B74D60400FC2D77 /* RegisterSelectViewController.swift */,
				2DED523E2B74D60400FC2D77 /* RegisterDoneViewController.swift */,
				2DED523F2B74D60400FC2D77 /* PolicyVC */,
				2DED52412B74D60400FC2D77 /* MapVC */,
				2DED52462B74D60400FC2D77 /* PwChangedViewController.swift */,
				2DED52472B74D60400FC2D77 /* AddBudgetViewController.swift */,
				2DED52482B74D60400FC2D77 /* CustomProgressViewController.swift */,
				2DED52492B74D60400FC2D77 /* BankSelectViewController.swift */,
				2DED524A2B74D60400FC2D77 /* LoginViewController.swift */,
				2DED524B2B74D60400FC2D77 /* SelectMangeUnitViewController.swift */,
				2DED524C2B74D60400FC2D77 /* RegisterViewController.swift */,
			);
			path = RegisterVC;
			sourceTree = "<group>";
		};
		2DED52372B74D60400FC2D77 /* Network */ = {
			isa = PBXGroup;
			children = (
				2DED52382B74D60400FC2D77 /* MemberAPI.swift */,
				2DED52392B74D60400FC2D77 /* MemberData.swift */,
			);
			path = Network;
			sourceTree = "<group>";
		};
		2DED523F2B74D60400FC2D77 /* PolicyVC */ = {
			isa = PBXGroup;
			children = (
				2DED52402B74D60400FC2D77 /* TermsOfUseViewController.swift */,
			);
			path = PolicyVC;
			sourceTree = "<group>";
		};
		2DED52412B74D60400FC2D77 /* MapVC */ = {
			isa = PBXGroup;
			children = (
				2DED52422B74D60400FC2D77 /* MapViewController.swift */,
				2DED52432B74D60400FC2D77 /* View */,
				2DED52452B74D60400FC2D77 /* MaptestViewController.swift */,
			);
			path = MapVC;
			sourceTree = "<group>";
		};
		2DED52432B74D60400FC2D77 /* View */ = {
			isa = PBXGroup;
			children = (
				2DED52442B74D60400FC2D77 /* MapView.swift */,
			);
			path = View;
			sourceTree = "<group>";
		};
		4060C41D2B74D3C00012F06D /* RegisterVC */ = {
			isa = PBXGroup;
			children = (
				4060C41E2B74D3C00012F06D /* AddLocationInfromViewController.swift */,
				4060C41F2B74D3C00012F06D /* AddBirthInformViewController.swift */,
				4060C4202B74D3C00012F06D /* AddIncomeViewController.swift */,
				4060C4212B74D3C00012F06D /* AddAccountViewController.swift */,
				4060C4222B74D3C00012F06D /* BankCertifyViewController.swift */,
				4060C4232B74D3C00012F06D /* Network */,
				4060C4262B74D3C00012F06D /* SearchLocationViewController.swift */,
				4060C4272B74D3C00012F06D /* AddSexViewController.swift */,
				4060C4282B74D3C00012F06D /* FindPwViewController.swift */,
				4060C4292B74D3C00012F06D /* RegisterSelectViewController.swift */,
				4060C42A2B74D3C00012F06D /* RegisterDoneViewController.swift */,
				4060C42B2B74D3C00012F06D /* PolicyVC */,
				4060C42D2B74D3C00012F06D /* MapVC */,
				4060C4322B74D3C00012F06D /* PwChangedViewController.swift */,
				4060C4332B74D3C00012F06D /* AddBudgetViewController.swift */,
				4060C4342B74D3C00012F06D /* CustomProgressViewController.swift */,
				4060C4352B74D3C00012F06D /* BankSelectViewController.swift */,
				4060C4362B74D3C00012F06D /* LoginViewController.swift */,
				4060C4372B74D3C00012F06D /* SelectMangeUnitViewController.swift */,
				4060C4382B74D3C00012F06D /* RegisterViewController.swift */,
			);
			name = RegisterVC;
			path = HomeEatPractice/Controller/RegisterVC;
			sourceTree = SOURCE_ROOT;
		};
		4060C4232B74D3C00012F06D /* Network */ = {
			isa = PBXGroup;
			children = (
				4060C4242B74D3C00012F06D /* MemberAPI.swift */,
				4060C4252B74D3C00012F06D /* MemberData.swift */,
			);
			path = Network;
			sourceTree = "<group>";
		};
		4060C42B2B74D3C00012F06D /* PolicyVC */ = {
			isa = PBXGroup;
			children = (
				4060C42C2B74D3C00012F06D /* TermsOfUseViewController.swift */,
			);
			path = PolicyVC;
			sourceTree = "<group>";
		};
		4060C42D2B74D3C00012F06D /* MapVC */ = {
			isa = PBXGroup;
			children = (
				4060C42E2B74D3C00012F06D /* MapViewController.swift */,
				4060C42F2B74D3C00012F06D /* View */,
				4060C4312B74D3C00012F06D /* MaptestViewController.swift */,
			);
			path = MapVC;
			sourceTree = "<group>";
		};
		4060C42F2B74D3C00012F06D /* View */ = {
			isa = PBXGroup;
			children = (
				4060C4302B74D3C00012F06D /* MapView.swift */,
			);
			path = View;
			sourceTree = "<group>";
		};
		4060C4502B74D4590012F06D /* MealCell */ = {
			isa = PBXGroup;
			children = (
				4060C4512B74D46F0012F06D /* MealPhotoCollectionViewCell.swift */,
			);
			path = MealCell;
			sourceTree = "<group>";
		};
		40852A272B6F36F100150395 /* FoodNetwork */ = {
			isa = PBXGroup;
			children = (
				40852A282B6F371300150395 /* FoodItemData.swift */,
				40852A2A2B6F374900150395 /* FoodGeneralAPI.swift */,
			);
			path = FoodNetwork;
			sourceTree = "<group>";
		};
		409AA31B2B43A0470096CDBB = {
			isa = PBXGroup;
			children = (
				409AA3262B43A0470096CDBB /* HomeEatPractice */,
				409AA3252B43A0470096CDBB /* Products */,
				677FA46ECB419986B9424595 /* Pods */,
				83E663A510CF5E5DEAC7004B /* Frameworks */,
			);
			sourceTree = "<group>";
		};
		409AA3252B43A0470096CDBB /* Products */ = {
			isa = PBXGroup;
			children = (
				409AA3242B43A0470096CDBB /* HomeEatPractice.app */,
			);
			name = Products;
			sourceTree = "<group>";
		};
		409AA3262B43A0470096CDBB /* HomeEatPractice */ = {
			isa = PBXGroup;
			children = (
				2D8CFEB42B5A301000FDE2E5 /* LaunchScreenImage */,
				588A09272B4E680400638D16 /* Controller */,
				409AA3272B43A0470096CDBB /* AppDelegate.swift */,
				582A98A42B636F2F008F30CA /* SceneDelegate.swift */,
				409AA3302B43A0480096CDBB /* Assets.xcassets */,
				409AA3322B43A0480096CDBB /* LaunchScreen.storyboard */,
				409AA3352B43A0480096CDBB /* Info.plist */,
				58A40D782B5805520053E302 /* UIColor + Extension.swift */,
			);
			path = HomeEatPractice;
			sourceTree = "<group>";
		};
		582A98C82B663248008F30CA /* Network */ = {
			isa = PBXGroup;
			children = (
				582A98C92B66325D008F30CA /* ItemData.swift */,
				582A98CB2B6632BB008F30CA /* GeneralAPI.swift */,
			);
			path = Network;
			sourceTree = "<group>";
		};
		5875D9C92B5169D600F484DF /* MypageVC */ = {
			isa = PBXGroup;
			children = (
				58A1E78B2B7352CC00C45CEA /* LeaveVC */,
				58A1E7882B7351CD00C45CEA /* EditVC */,
				409AA3432B43E98A0096CDBB /* MyPageViewController.swift */,
				582A98C62B653C61008F30CA /* PasswordEditViewController.swift */,
			);
			path = MypageVC;
			sourceTree = "<group>";
		};
		5875D9CA2B51773200F484DF /* HomeVC */ = {
			isa = PBXGroup;
			children = (
				409AA33D2B43E94B0096CDBB /* HomeViewController.swift */,
			);
			path = HomeVC;
			sourceTree = "<group>";
		};
		588A09272B4E680400638D16 /* Controller */ = {
			isa = PBXGroup;
			children = (
				2DED52312B74D60400FC2D77 /* RegisterVC */,
				58A40D9C2B5FF13C0053E302 /* TabbarVC */,
				58A40D832B5C04F40053E302 /* ReportVC */,
				58A40D7A2B5BEF060053E302 /* PayCheckVC */,
				5875D9CA2B51773200F484DF /* HomeVC */,
				5875D9C92B5169D600F484DF /* MypageVC */,
				588A092A2B4E987A00638D16 /* TalkVC */,
				409AA3472B467EFB0096CDBB /* PayAnalyzeViewController.swift */,
				409AA3452B453F3B0096CDBB /* PayAddViewController.swift */,
			);
			path = Controller;
			sourceTree = "<group>";
		};
		588A092A2B4E987A00638D16 /* TalkVC */ = {
			isa = PBXGroup;
			children = (
				58A40D882B5CEA530053E302 /* MealVC */,
				409AA3412B43E9760096CDBB /* TalkViewController.swift */,
				588A09312B50EB5800638D16 /* InfoVC */,
			);
			path = TalkVC;
			sourceTree = "<group>";
		};
		588A092B2B4FB9C600638D16 /* Cell */ = {
			isa = PBXGroup;
			children = (
				588A092C2B4FB9F200638D16 /* TableViewCellOne.swift */,
				582A98CD2B678AD5008F30CA /* PhotoCollectionViewCell.swift */,
				582A98CF2B68CCAE008F30CA /* TagCollectionViewCell.swift */,
				582A99392B6F89F5008F30CA /* TagPlusCollectionViewCell.swift */,
			);
			path = Cell;
			sourceTree = "<group>";
		};
		588A092E2B4FF99100638D16 /* Model */ = {
			isa = PBXGroup;
			children = (
				588A092F2B4FF9A900638D16 /* MyItem.swift */,
				582A993B2B6F8C70008F30CA /* TagItem.swift */,
			);
			path = Model;
			sourceTree = "<group>";
		};
		588A09312B50EB5800638D16 /* InfoVC */ = {
			isa = PBXGroup;
			children = (
				582A98C82B663248008F30CA /* Network */,
				588A09322B50EC0300638D16 /* Control */,
				588A092B2B4FB9C600638D16 /* Cell */,
				588A092E2B4FF99100638D16 /* Model */,
			);
			path = InfoVC;
			sourceTree = "<group>";
		};
		588A09322B50EC0300638D16 /* Control */ = {
			isa = PBXGroup;
			children = (
				588A09282B4E6ED400638D16 /* InfoViewController.swift */,
				588A09332B50EC5900638D16 /* PostViewController.swift */,
				58A40D722B56AF190053E302 /* InfoWritingViewController.swift */,
				58A40D812B5C00D30053E302 /* TagPlusViewController.swift */,
			);
			path = Control;
			sourceTree = "<group>";
		};
		58A1E7882B7351CD00C45CEA /* EditVC */ = {
			isa = PBXGroup;
			children = (
				58A1E7862B7351BF00C45CEA /* EmailEditViewController.swift */,
				58A40D762B57DD730053E302 /* EditViewController.swift */,
				58A1E7892B7351ED00C45CEA /* MonthMoneyEditViewController.swift */,
			);
			path = EditVC;
			sourceTree = "<group>";
		};
		58A1E78B2B7352CC00C45CEA /* LeaveVC */ = {
			isa = PBXGroup;
			children = (
				582A98D12B6B7BB0008F30CA /* LeaveViewController.swift */,
				58A1E78C2B735D5400C45CEA /* FinalLeaveViewController.swift */,
			);
			path = LeaveVC;
			sourceTree = "<group>";
		};
		58A40D7A2B5BEF060053E302 /* PayCheckVC */ = {
			isa = PBXGroup;
			children = (
				58A40D7C2B5BEF710053E302 /* StatisticsVC */,
				58A40D7B2B5BEF360053E302 /* CalendarCheckVC */,
				409AA3492B46815E0096CDBB /* PayCheckViewController.swift */,
			);
			path = PayCheckVC;
			sourceTree = "<group>";
		};
		58A40D7B2B5BEF360053E302 /* CalendarCheckVC */ = {
			isa = PBXGroup;
			children = (
				58A40D7F2B5BEFC40053E302 /* CalendarCheckViewController.swift */,
			);
			path = CalendarCheckVC;
			sourceTree = "<group>";
		};
		58A40D7C2B5BEF710053E302 /* StatisticsVC */ = {
			isa = PBXGroup;
			children = (
				58A40D7D2B5BEFAA0053E302 /* StatisticsViewController.swift */,
			);
			path = StatisticsVC;
			sourceTree = "<group>";
		};
		58A40D832B5C04F40053E302 /* ReportVC */ = {
			isa = PBXGroup;
			children = (
				58A40D902B5D02110053E302 /* AnalysisVC */,
				58A40D8F2B5D01FC0053E302 /* CashCheckVC */,
				409AA33F2B43E9640096CDBB /* CashViewController.swift */,
			);
			path = ReportVC;
			sourceTree = "<group>";
		};
		58A40D882B5CEA530053E302 /* MealVC */ = {
			isa = PBXGroup;
			children = (
				4060C4502B74D4590012F06D /* MealCell */,
				40852A272B6F36F100150395 /* FoodNetwork */,
				58A40D932B5FABF60053E302 /* Model */,
				58A40D922B5FABEB0053E302 /* Controller */,
				58A40D912B5FABE10053E302 /* Cell */,
			);
			path = MealVC;
			sourceTree = "<group>";
		};
		58A40D8F2B5D01FC0053E302 /* CashCheckVC */ = {
			isa = PBXGroup;
			children = (
				58A40D8D2B5D01F70053E302 /* WeekCashViewController.swift */,
				58A40D842B5C05330053E302 /* CashCheckViewController.swift */,
			);
			path = CashCheckVC;
			sourceTree = "<group>";
		};
		58A40D902B5D02110053E302 /* AnalysisVC */ = {
			isa = PBXGroup;
			children = (
				582A98D32B6B819E008F30CA /* AnalysisViewController.swift */,
			);
			path = AnalysisVC;
			sourceTree = "<group>";
		};
		58A40D912B5FABE10053E302 /* Cell */ = {
			isa = PBXGroup;
			children = (
				58A40D942B5FAC1B0053E302 /* MealViewCell.swift */,
			);
			path = Cell;
			sourceTree = "<group>";
		};
		58A40D922B5FABEB0053E302 /* Controller */ = {
			isa = PBXGroup;
			children = (
				588A09252B4E5BE200638D16 /* WriteViewController.swift */,
				58A40D962B5FAC490053E302 /* MealPostViewController.swift */,
				58A40D982B5FAC6A0053E302 /* MealWritingViewController.swift */,
				58A40D9F2B6120970053E302 /* DeclareViewController.swift */,
				58A40DA12B6120B70053E302 /* DeclareWriteViewController.swift */,
				4060C4182B74B2EA0012F06D /* RecipeViewController.swift */,
			);
			path = Controller;
			sourceTree = "<group>";
		};
		58A40D932B5FABF60053E302 /* Model */ = {
			isa = PBXGroup;
			children = (
				58A40D9A2B5FACAF0053E302 /* MealSource.swift */,
			);
			path = Model;
			sourceTree = "<group>";
		};
		58A40D9C2B5FF13C0053E302 /* TabbarVC */ = {
			isa = PBXGroup;
			children = (
				4060C41D2B74D3C00012F06D /* RegisterVC */,
				409AA33B2B43A6B20096CDBB /* MainTabBarController.swift */,
				58A40D9D2B5FF1560053E302 /* TabbarInfo.swift */,
			);
			path = TabbarVC;
			sourceTree = "<group>";
		};
		677FA46ECB419986B9424595 /* Pods */ = {
			isa = PBXGroup;
			children = (
				5CF3251AB730DFAD7043486D /* Pods-HomeEatPractice.debug.xcconfig */,
				BBD28DEFC31B1BB454FB5CB1 /* Pods-HomeEatPractice.release.xcconfig */,
			);
			path = Pods;
			sourceTree = "<group>";
		};
		83E663A510CF5E5DEAC7004B /* Frameworks */ = {
			isa = PBXGroup;
			children = (
				827ED5B3B017327767649ADC /* Pods_HomeEatPractice.framework */,
			);
			name = Frameworks;
			sourceTree = "<group>";
		};
/* End PBXGroup section */

/* Begin PBXNativeTarget section */
		409AA3232B43A0470096CDBB /* HomeEatPractice */ = {
			isa = PBXNativeTarget;
			buildConfigurationList = 409AA3382B43A0480096CDBB /* Build configuration list for PBXNativeTarget "HomeEatPractice" */;
			buildPhases = (
				1767FBD91E47C36ECC43DDA1 /* [CP] Check Pods Manifest.lock */,
				409AA3202B43A0470096CDBB /* Sources */,
				409AA3212B43A0470096CDBB /* Frameworks */,
				409AA3222B43A0470096CDBB /* Resources */,
				BC1146A44A3E9CD5710E48AD /* [CP] Embed Pods Frameworks */,
			);
			buildRules = (
			);
			dependencies = (
			);
			name = HomeEatPractice;
			productName = HomeEatPractice;
			productReference = 409AA3242B43A0470096CDBB /* HomeEatPractice.app */;
			productType = "com.apple.product-type.application";
		};
/* End PBXNativeTarget section */

/* Begin PBXProject section */
		409AA31C2B43A0470096CDBB /* Project object */ = {
			isa = PBXProject;
			attributes = {
				BuildIndependentTargetsInParallel = 1;
				LastSwiftUpdateCheck = 1430;
				LastUpgradeCheck = 1430;
				TargetAttributes = {
					409AA3232B43A0470096CDBB = {
						CreatedOnToolsVersion = 14.3.1;
					};
				};
			};
			buildConfigurationList = 409AA31F2B43A0470096CDBB /* Build configuration list for PBXProject "HomeEatPractice" */;
			compatibilityVersion = "Xcode 14.0";
			developmentRegion = en;
			hasScannedForEncodings = 0;
			knownRegions = (
				en,
				Base,
			);
			mainGroup = 409AA31B2B43A0470096CDBB;
			productRefGroup = 409AA3252B43A0470096CDBB /* Products */;
			projectDirPath = "";
			projectRoot = "";
			targets = (
				409AA3232B43A0470096CDBB /* HomeEatPractice */,
			);
		};
/* End PBXProject section */

/* Begin PBXResourcesBuildPhase section */
		409AA3222B43A0470096CDBB /* Resources */ = {
			isa = PBXResourcesBuildPhase;
			buildActionMask = 2147483647;
			files = (
				582A98A12B636EA0008F30CA /* cameraIcon.pdf in Resources */,
				409AA3342B43A0480096CDBB /* LaunchScreen.storyboard in Resources */,
				2D8CFEBA2B5A301000FDE2E5 /* HomeatLogo.pdf in Resources */,
				409AA3312B43A0480096CDBB /* Assets.xcassets in Resources */,
				2D8CFEB92B5A301000FDE2E5 /* LaunchScreen.png in Resources */,
				2D8CFEB82B5A301000FDE2E5 /* HomeatIcon.pdf in Resources */,
			);
			runOnlyForDeploymentPostprocessing = 0;
		};
/* End PBXResourcesBuildPhase section */

/* Begin PBXShellScriptBuildPhase section */
		1767FBD91E47C36ECC43DDA1 /* [CP] Check Pods Manifest.lock */ = {
			isa = PBXShellScriptBuildPhase;
			buildActionMask = 2147483647;
			files = (
			);
			inputFileListPaths = (
			);
			inputPaths = (
				"${PODS_PODFILE_DIR_PATH}/Podfile.lock",
				"${PODS_ROOT}/Manifest.lock",
			);
			name = "[CP] Check Pods Manifest.lock";
			outputFileListPaths = (
			);
			outputPaths = (
				"$(DERIVED_FILE_DIR)/Pods-HomeEatPractice-checkManifestLockResult.txt",
			);
			runOnlyForDeploymentPostprocessing = 0;
			shellPath = /bin/sh;
			shellScript = "diff \"${PODS_PODFILE_DIR_PATH}/Podfile.lock\" \"${PODS_ROOT}/Manifest.lock\" > /dev/null\nif [ $? != 0 ] ; then\n    # print error to STDERR\n    echo \"error: The sandbox is not in sync with the Podfile.lock. Run 'pod install' or update your CocoaPods installation.\" >&2\n    exit 1\nfi\n# This output is used by Xcode 'outputs' to avoid re-running this script phase.\necho \"SUCCESS\" > \"${SCRIPT_OUTPUT_FILE_0}\"\n";
			showEnvVarsInLog = 0;
		};
		BC1146A44A3E9CD5710E48AD /* [CP] Embed Pods Frameworks */ = {
			isa = PBXShellScriptBuildPhase;
			buildActionMask = 2147483647;
			files = (
			);
			inputFileListPaths = (
				"${PODS_ROOT}/Target Support Files/Pods-HomeEatPractice/Pods-HomeEatPractice-frameworks-${CONFIGURATION}-input-files.xcfilelist",
			);
			name = "[CP] Embed Pods Frameworks";
			outputFileListPaths = (
				"${PODS_ROOT}/Target Support Files/Pods-HomeEatPractice/Pods-HomeEatPractice-frameworks-${CONFIGURATION}-output-files.xcfilelist",
			);
			runOnlyForDeploymentPostprocessing = 0;
			shellPath = /bin/sh;
			shellScript = "\"${PODS_ROOT}/Target Support Files/Pods-HomeEatPractice/Pods-HomeEatPractice-frameworks.sh\"\n";
			showEnvVarsInLog = 0;
		};
/* End PBXShellScriptBuildPhase section */

/* Begin PBXSourcesBuildPhase section */
		409AA3202B43A0470096CDBB /* Sources */ = {
			isa = PBXSourcesBuildPhase;
			buildActionMask = 2147483647;
			files = (
				4060C4402B74D3C00012F06D /* SearchLocationViewController.swift in Sources */,
				4060C44A2B74D3C00012F06D /* AddBudgetViewController.swift in Sources */,
				588A09302B4FF9A900638D16 /* MyItem.swift in Sources */,
				2DED52502B74D60400FC2D77 /* AddAccountViewController.swift in Sources */,
				582A98A52B636F2F008F30CA /* SceneDelegate.swift in Sources */,
				4060C44C2B74D3C00012F06D /* BankSelectViewController.swift in Sources */,
				2DED52622B74D60500FC2D77 /* SelectMangeUnitViewController.swift in Sources */,
				409AA3402B43E9640096CDBB /* CashViewController.swift in Sources */,
				4060C43D2B74D3C00012F06D /* BankCertifyViewController.swift in Sources */,
				4060C4412B74D3C00012F06D /* AddSexViewController.swift in Sources */,
				4060C44E2B74D3C00012F06D /* SelectMangeUnitViewController.swift in Sources */,
				4060C4492B74D3C00012F06D /* PwChangedViewController.swift in Sources */,
				588A09262B4E5BE200638D16 /* WriteViewController.swift in Sources */,
				2DED525F2B74D60500FC2D77 /* CustomProgressViewController.swift in Sources */,
				4060C4422B74D3C00012F06D /* FindPwViewController.swift in Sources */,
				2DED525E2B74D60500FC2D77 /* AddBudgetViewController.swift in Sources */,
				58A40D972B5FAC490053E302 /* MealPostViewController.swift in Sources */,
				58A40D9B2B5FACAF0053E302 /* MealSource.swift in Sources */,
				58A40D9E2B5FF1560053E302 /* TabbarInfo.swift in Sources */,
				2DED52612B74D60500FC2D77 /* LoginViewController.swift in Sources */,
				58A40D802B5BEFC40053E302 /* CalendarCheckViewController.swift in Sources */,
				582A98CC2B6632BB008F30CA /* GeneralAPI.swift in Sources */,
				4060C4432B74D3C00012F06D /* RegisterSelectViewController.swift in Sources */,
				58A1E7872B7351BF00C45CEA /* EmailEditViewController.swift in Sources */,
				409AA3282B43A0470096CDBB /* AppDelegate.swift in Sources */,
				58A1E78D2B735D5400C45CEA /* FinalLeaveViewController.swift in Sources */,
				4060C4482B74D3C00012F06D /* MaptestViewController.swift in Sources */,
				58A40D992B5FAC6A0053E302 /* MealWritingViewController.swift in Sources */,
				58A1E78A2B7351ED00C45CEA /* MonthMoneyEditViewController.swift in Sources */,
				582A993C2B6F8C70008F30CA /* TagItem.swift in Sources */,
				58A40D952B5FAC1B0053E302 /* MealViewCell.swift in Sources */,
				2DED524D2B74D60400FC2D77 /* AddLocationInfromViewController.swift in Sources */,
				2DED52582B74D60500FC2D77 /* RegisterDoneViewController.swift in Sources */,
				4060C4392B74D3C00012F06D /* AddLocationInfromViewController.swift in Sources */,
				2DED52512B74D60400FC2D77 /* BankCertifyViewController.swift in Sources */,
				582A993A2B6F89F5008F30CA /* TagPlusCollectionViewCell.swift in Sources */,
				2DED524E2B74D60400FC2D77 /* AddBirthInformViewController.swift in Sources */,
				409AA3482B467EFB0096CDBB /* PayAnalyzeViewController.swift in Sources */,
				2DED52562B74D60500FC2D77 /* FindPwViewController.swift in Sources */,
				582A98CA2B66325D008F30CA /* ItemData.swift in Sources */,
				58A40D8E2B5D01F70053E302 /* WeekCashViewController.swift in Sources */,
				582A98C72B653C61008F30CA /* PasswordEditViewController.swift in Sources */,
				409AA3422B43E9760096CDBB /* TalkViewController.swift in Sources */,
				409AA34A2B46815E0096CDBB /* PayCheckViewController.swift in Sources */,
				58A40D772B57DD730053E302 /* EditViewController.swift in Sources */,
				409AA33E2B43E94B0096CDBB /* HomeViewController.swift in Sources */,
				58A40D792B5805520053E302 /* UIColor + Extension.swift in Sources */,
				4060C43B2B74D3C00012F06D /* AddIncomeViewController.swift in Sources */,
				2DED52542B74D60500FC2D77 /* SearchLocationViewController.swift in Sources */,
				582A98CE2B678AD5008F30CA /* PhotoCollectionViewCell.swift in Sources */,
				4060C4442B74D3C00012F06D /* RegisterDoneViewController.swift in Sources */,
				4060C43C2B74D3C00012F06D /* AddAccountViewController.swift in Sources */,
				4060C4192B74B2EA0012F06D /* RecipeViewController.swift in Sources */,
				2DED525B2B74D60500FC2D77 /* MapView.swift in Sources */,
				4060C4472B74D3C00012F06D /* MapView.swift in Sources */,
				4060C4452B74D3C00012F06D /* TermsOfUseViewController.swift in Sources */,
				4060C4462B74D3C00012F06D /* MapViewController.swift in Sources */,
				40852A292B6F371300150395 /* FoodItemData.swift in Sources */,
				4060C4522B74D46F0012F06D /* MealPhotoCollectionViewCell.swift in Sources */,
				409AA33C2B43A6B20096CDBB /* MainTabBarController.swift in Sources */,
				4060C44F2B74D3C00012F06D /* RegisterViewController.swift in Sources */,
				2DED524F2B74D60400FC2D77 /* AddIncomeViewController.swift in Sources */,
				58A40D732B56AF190053E302 /* InfoWritingViewController.swift in Sources */,
				588A09342B50EC5900638D16 /* PostViewController.swift in Sources */,
				409AA3462B453F3B0096CDBB /* PayAddViewController.swift in Sources */,
				58A40DA02B6120970053E302 /* DeclareViewController.swift in Sources */,
				40852A2B2B6F374900150395 /* FoodGeneralAPI.swift in Sources */,
				582A98D42B6B819E008F30CA /* AnalysisViewController.swift in Sources */,
				2DED52592B74D60500FC2D77 /* TermsOfUseViewController.swift in Sources */,
				4060C43E2B74D3C00012F06D /* MemberAPI.swift in Sources */,
				58A40D852B5C05330053E302 /* CashCheckViewController.swift in Sources */,
				4060C44D2B74D3C00012F06D /* LoginViewController.swift in Sources */,
				588A092D2B4FB9F200638D16 /* TableViewCellOne.swift in Sources */,
				2DED52552B74D60500FC2D77 /* AddSexViewController.swift in Sources */,
				2DED525C2B74D60500FC2D77 /* MaptestViewController.swift in Sources */,
				2DED52602B74D60500FC2D77 /* BankSelectViewController.swift in Sources */,
				588A09292B4E6ED400638D16 /* InfoViewController.swift in Sources */,
				2DED525D2B74D60500FC2D77 /* PwChangedViewController.swift in Sources */,
				58A40D822B5C00D30053E302 /* TagPlusViewController.swift in Sources */,
				2DED52572B74D60500FC2D77 /* RegisterSelectViewController.swift in Sources */,
				4060C43A2B74D3C00012F06D /* AddBirthInformViewController.swift in Sources */,
				409AA3442B43E98A0096CDBB /* MyPageViewController.swift in Sources */,
				582A98D22B6B7BB0008F30CA /* LeaveViewController.swift in Sources */,
				2DED52632B74D60500FC2D77 /* RegisterViewController.swift in Sources */,
				2DED52532B74D60500FC2D77 /* MemberData.swift in Sources */,
				582A98D02B68CCAE008F30CA /* TagCollectionViewCell.swift in Sources */,
				2DED52522B74D60400FC2D77 /* MemberAPI.swift in Sources */,
				2DED525A2B74D60500FC2D77 /* MapViewController.swift in Sources */,
				4060C44B2B74D3C00012F06D /* CustomProgressViewController.swift in Sources */,
				4060C43F2B74D3C00012F06D /* MemberData.swift in Sources */,
				58A40DA22B6120B70053E302 /* DeclareWriteViewController.swift in Sources */,
				58A40D7E2B5BEFAA0053E302 /* StatisticsViewController.swift in Sources */,
			);
			runOnlyForDeploymentPostprocessing = 0;
		};
/* End PBXSourcesBuildPhase section */

/* Begin PBXVariantGroup section */
		409AA3322B43A0480096CDBB /* LaunchScreen.storyboard */ = {
			isa = PBXVariantGroup;
			children = (
				409AA3332B43A0480096CDBB /* Base */,
			);
			name = LaunchScreen.storyboard;
			sourceTree = "<group>";
		};
/* End PBXVariantGroup section */

/* Begin XCBuildConfiguration section */
		409AA3362B43A0480096CDBB /* Debug */ = {
			isa = XCBuildConfiguration;
			buildSettings = {
				ALWAYS_SEARCH_USER_PATHS = NO;
				CLANG_ANALYZER_NONNULL = YES;
				CLANG_ANALYZER_NUMBER_OBJECT_CONVERSION = YES_AGGRESSIVE;
				CLANG_CXX_LANGUAGE_STANDARD = "gnu++20";
				CLANG_ENABLE_MODULES = YES;
				CLANG_ENABLE_OBJC_ARC = YES;
				CLANG_ENABLE_OBJC_WEAK = YES;
				CLANG_WARN_BLOCK_CAPTURE_AUTORELEASING = YES;
				CLANG_WARN_BOOL_CONVERSION = YES;
				CLANG_WARN_COMMA = YES;
				CLANG_WARN_CONSTANT_CONVERSION = YES;
				CLANG_WARN_DEPRECATED_OBJC_IMPLEMENTATIONS = YES;
				CLANG_WARN_DIRECT_OBJC_ISA_USAGE = YES_ERROR;
				CLANG_WARN_DOCUMENTATION_COMMENTS = YES;
				CLANG_WARN_EMPTY_BODY = YES;
				CLANG_WARN_ENUM_CONVERSION = YES;
				CLANG_WARN_INFINITE_RECURSION = YES;
				CLANG_WARN_INT_CONVERSION = YES;
				CLANG_WARN_NON_LITERAL_NULL_CONVERSION = YES;
				CLANG_WARN_OBJC_IMPLICIT_RETAIN_SELF = YES;
				CLANG_WARN_OBJC_LITERAL_CONVERSION = YES;
				CLANG_WARN_OBJC_ROOT_CLASS = YES_ERROR;
				CLANG_WARN_QUOTED_INCLUDE_IN_FRAMEWORK_HEADER = YES;
				CLANG_WARN_RANGE_LOOP_ANALYSIS = YES;
				CLANG_WARN_STRICT_PROTOTYPES = YES;
				CLANG_WARN_SUSPICIOUS_MOVE = YES;
				CLANG_WARN_UNGUARDED_AVAILABILITY = YES_AGGRESSIVE;
				CLANG_WARN_UNREACHABLE_CODE = YES;
				CLANG_WARN__DUPLICATE_METHOD_MATCH = YES;
				COPY_PHASE_STRIP = NO;
				DEBUG_INFORMATION_FORMAT = dwarf;
				ENABLE_STRICT_OBJC_MSGSEND = YES;
				ENABLE_TESTABILITY = YES;
				GCC_C_LANGUAGE_STANDARD = gnu11;
				GCC_DYNAMIC_NO_PIC = NO;
				GCC_NO_COMMON_BLOCKS = YES;
				GCC_OPTIMIZATION_LEVEL = 0;
				GCC_PREPROCESSOR_DEFINITIONS = (
					"DEBUG=1",
					"$(inherited)",
				);
				GCC_WARN_64_TO_32_BIT_CONVERSION = YES;
				GCC_WARN_ABOUT_RETURN_TYPE = YES_ERROR;
				GCC_WARN_UNDECLARED_SELECTOR = YES;
				GCC_WARN_UNINITIALIZED_AUTOS = YES_AGGRESSIVE;
				GCC_WARN_UNUSED_FUNCTION = YES;
				GCC_WARN_UNUSED_VARIABLE = YES;
				IPHONEOS_DEPLOYMENT_TARGET = 16.4;
				MTL_ENABLE_DEBUG_INFO = INCLUDE_SOURCE;
				MTL_FAST_MATH = YES;
				ONLY_ACTIVE_ARCH = YES;
				SDKROOT = iphoneos;
				SWIFT_ACTIVE_COMPILATION_CONDITIONS = DEBUG;
				SWIFT_OPTIMIZATION_LEVEL = "-Onone";
			};
			name = Debug;
		};
		409AA3372B43A0480096CDBB /* Release */ = {
			isa = XCBuildConfiguration;
			buildSettings = {
				ALWAYS_SEARCH_USER_PATHS = NO;
				CLANG_ANALYZER_NONNULL = YES;
				CLANG_ANALYZER_NUMBER_OBJECT_CONVERSION = YES_AGGRESSIVE;
				CLANG_CXX_LANGUAGE_STANDARD = "gnu++20";
				CLANG_ENABLE_MODULES = YES;
				CLANG_ENABLE_OBJC_ARC = YES;
				CLANG_ENABLE_OBJC_WEAK = YES;
				CLANG_WARN_BLOCK_CAPTURE_AUTORELEASING = YES;
				CLANG_WARN_BOOL_CONVERSION = YES;
				CLANG_WARN_COMMA = YES;
				CLANG_WARN_CONSTANT_CONVERSION = YES;
				CLANG_WARN_DEPRECATED_OBJC_IMPLEMENTATIONS = YES;
				CLANG_WARN_DIRECT_OBJC_ISA_USAGE = YES_ERROR;
				CLANG_WARN_DOCUMENTATION_COMMENTS = YES;
				CLANG_WARN_EMPTY_BODY = YES;
				CLANG_WARN_ENUM_CONVERSION = YES;
				CLANG_WARN_INFINITE_RECURSION = YES;
				CLANG_WARN_INT_CONVERSION = YES;
				CLANG_WARN_NON_LITERAL_NULL_CONVERSION = YES;
				CLANG_WARN_OBJC_IMPLICIT_RETAIN_SELF = YES;
				CLANG_WARN_OBJC_LITERAL_CONVERSION = YES;
				CLANG_WARN_OBJC_ROOT_CLASS = YES_ERROR;
				CLANG_WARN_QUOTED_INCLUDE_IN_FRAMEWORK_HEADER = YES;
				CLANG_WARN_RANGE_LOOP_ANALYSIS = YES;
				CLANG_WARN_STRICT_PROTOTYPES = YES;
				CLANG_WARN_SUSPICIOUS_MOVE = YES;
				CLANG_WARN_UNGUARDED_AVAILABILITY = YES_AGGRESSIVE;
				CLANG_WARN_UNREACHABLE_CODE = YES;
				CLANG_WARN__DUPLICATE_METHOD_MATCH = YES;
				COPY_PHASE_STRIP = NO;
				DEBUG_INFORMATION_FORMAT = "dwarf-with-dsym";
				ENABLE_NS_ASSERTIONS = NO;
				ENABLE_STRICT_OBJC_MSGSEND = YES;
				GCC_C_LANGUAGE_STANDARD = gnu11;
				GCC_NO_COMMON_BLOCKS = YES;
				GCC_WARN_64_TO_32_BIT_CONVERSION = YES;
				GCC_WARN_ABOUT_RETURN_TYPE = YES_ERROR;
				GCC_WARN_UNDECLARED_SELECTOR = YES;
				GCC_WARN_UNINITIALIZED_AUTOS = YES_AGGRESSIVE;
				GCC_WARN_UNUSED_FUNCTION = YES;
				GCC_WARN_UNUSED_VARIABLE = YES;
				IPHONEOS_DEPLOYMENT_TARGET = 16.4;
				MTL_ENABLE_DEBUG_INFO = NO;
				MTL_FAST_MATH = YES;
				SDKROOT = iphoneos;
				SWIFT_COMPILATION_MODE = wholemodule;
				SWIFT_OPTIMIZATION_LEVEL = "-O";
				VALIDATE_PRODUCT = YES;
			};
			name = Release;
		};
		409AA3392B43A0480096CDBB /* Debug */ = {
			isa = XCBuildConfiguration;
			baseConfigurationReference = 5CF3251AB730DFAD7043486D /* Pods-HomeEatPractice.debug.xcconfig */;
			buildSettings = {
				ASSETCATALOG_COMPILER_APPICON_NAME = AppIcon;
				ASSETCATALOG_COMPILER_GLOBAL_ACCENT_COLOR_NAME = AccentColor;
				CODE_SIGN_STYLE = Automatic;
				CURRENT_PROJECT_VERSION = 1;
				DEVELOPMENT_TEAM = TSGF3YP7J3;
				GENERATE_INFOPLIST_FILE = YES;
				INFOPLIST_FILE = HomeEatPractice/Info.plist;
				INFOPLIST_KEY_NSCameraUsageDescription = "카메라 접근권한";
				INFOPLIST_KEY_NSLocationAlwaysAndWhenInUseUsageDescription = .;
				INFOPLIST_KEY_NSLocationWhenInUseUsageDescription = .;
				INFOPLIST_KEY_NSPhotoLibraryUsageDescription = "앨범 접근권한";
				INFOPLIST_KEY_UIApplicationSupportsIndirectInputEvents = YES;
				INFOPLIST_KEY_UILaunchStoryboardName = LaunchScreen;
				INFOPLIST_KEY_UIStatusBarStyle = "";
				INFOPLIST_KEY_UISupportedInterfaceOrientations_iPad = "UIInterfaceOrientationPortrait UIInterfaceOrientationPortraitUpsideDown UIInterfaceOrientationLandscapeLeft UIInterfaceOrientationLandscapeRight";
				INFOPLIST_KEY_UISupportedInterfaceOrientations_iPhone = "";
				LD_RUNPATH_SEARCH_PATHS = (
					"$(inherited)",
					"@executable_path/Frameworks",
				);
				MARKETING_VERSION = 1.0;
				PRODUCT_BUNDLE_IDENTIFIER = ST.HomeEatPractice1;
				PRODUCT_NAME = "$(TARGET_NAME)";
				SWIFT_EMIT_LOC_STRINGS = YES;
				SWIFT_VERSION = 5.0;
				TARGETED_DEVICE_FAMILY = "1,2";
			};
			name = Debug;
		};
		409AA33A2B43A0480096CDBB /* Release */ = {
			isa = XCBuildConfiguration;
			baseConfigurationReference = BBD28DEFC31B1BB454FB5CB1 /* Pods-HomeEatPractice.release.xcconfig */;
			buildSettings = {
				ASSETCATALOG_COMPILER_APPICON_NAME = AppIcon;
				ASSETCATALOG_COMPILER_GLOBAL_ACCENT_COLOR_NAME = AccentColor;
				CODE_SIGN_STYLE = Automatic;
				CURRENT_PROJECT_VERSION = 1;
				DEVELOPMENT_TEAM = TSGF3YP7J3;
				GENERATE_INFOPLIST_FILE = YES;
				INFOPLIST_FILE = HomeEatPractice/Info.plist;
				INFOPLIST_KEY_NSCameraUsageDescription = "카메라 접근권한";
				INFOPLIST_KEY_NSLocationAlwaysAndWhenInUseUsageDescription = .;
				INFOPLIST_KEY_NSLocationWhenInUseUsageDescription = .;
				INFOPLIST_KEY_NSPhotoLibraryUsageDescription = "앨범 접근권한";
				INFOPLIST_KEY_UIApplicationSupportsIndirectInputEvents = YES;
				INFOPLIST_KEY_UILaunchStoryboardName = LaunchScreen;
				INFOPLIST_KEY_UIStatusBarStyle = "";
				INFOPLIST_KEY_UISupportedInterfaceOrientations_iPad = "UIInterfaceOrientationPortrait UIInterfaceOrientationPortraitUpsideDown UIInterfaceOrientationLandscapeLeft UIInterfaceOrientationLandscapeRight";
				INFOPLIST_KEY_UISupportedInterfaceOrientations_iPhone = "";
				LD_RUNPATH_SEARCH_PATHS = (
					"$(inherited)",
					"@executable_path/Frameworks",
				);
				MARKETING_VERSION = 1.0;
				PRODUCT_BUNDLE_IDENTIFIER = ST.HomeEatPractice1;
				PRODUCT_NAME = "$(TARGET_NAME)";
				SWIFT_EMIT_LOC_STRINGS = YES;
				SWIFT_VERSION = 5.0;
				TARGETED_DEVICE_FAMILY = "1,2";
			};
			name = Release;
		};
/* End XCBuildConfiguration section */

/* Begin XCConfigurationList section */
		409AA31F2B43A0470096CDBB /* Build configuration list for PBXProject "HomeEatPractice" */ = {
			isa = XCConfigurationList;
			buildConfigurations = (
				409AA3362B43A0480096CDBB /* Debug */,
				409AA3372B43A0480096CDBB /* Release */,
			);
			defaultConfigurationIsVisible = 0;
			defaultConfigurationName = Release;
		};
		409AA3382B43A0480096CDBB /* Build configuration list for PBXNativeTarget "HomeEatPractice" */ = {
			isa = XCConfigurationList;
			buildConfigurations = (
				409AA3392B43A0480096CDBB /* Debug */,
				409AA33A2B43A0480096CDBB /* Release */,
			);
			defaultConfigurationIsVisible = 0;
			defaultConfigurationName = Release;
		};
/* End XCConfigurationList section */
	};
	rootObject = 409AA31C2B43A0470096CDBB /* Project object */;
}
